// !$*UTF8*$!
{
	archiveVersion = 1;
	classes = {
	};
	objectVersion = 52;
	objects = {

/* Begin PBXBuildFile section */
		02B3FA8F97CCBFAEE38D116B /* Pods_Wantic.framework in Frameworks */ = {isa = PBXBuildFile; fileRef = F117C9375DC49984BC885D82 /* Pods_Wantic.framework */; };
		04D7159E0264C53817F42509 /* Pods_Share_Beta.framework in Frameworks */ = {isa = PBXBuildFile; fileRef = 97EFE697BDE6917534998A24 /* Pods_Share_Beta.framework */; };
		2FAD9763203C412B000D30F8 /* config.xml in Resources */ = {isa = PBXBuildFile; fileRef = 2FAD9762203C412B000D30F8 /* config.xml */; };
		41A5DF104C372338DE008928 /* Pods_Share.framework in Frameworks */ = {isa = PBXBuildFile; fileRef = 224EA8C7F4A13B5E1D71AAA9 /* Pods_Share.framework */; };
		504EC3081FED79650016851F /* AppDelegate.swift in Sources */ = {isa = PBXBuildFile; fileRef = 504EC3071FED79650016851F /* AppDelegate.swift */; };
		504EC30D1FED79650016851F /* Main.storyboard in Resources */ = {isa = PBXBuildFile; fileRef = 504EC30B1FED79650016851F /* Main.storyboard */; };
		504EC30F1FED79650016851F /* Assets.xcassets in Resources */ = {isa = PBXBuildFile; fileRef = 504EC30E1FED79650016851F /* Assets.xcassets */; };
		504EC3121FED79650016851F /* LaunchScreen.storyboard in Resources */ = {isa = PBXBuildFile; fileRef = 504EC3101FED79650016851F /* LaunchScreen.storyboard */; };
		50B271D11FEDC1A000F3C39B /* public in Resources */ = {isa = PBXBuildFile; fileRef = 50B271D01FEDC1A000F3C39B /* public */; };
		B114E13525B8A56A00F92599 /* UIColorExtension.swift in Sources */ = {isa = PBXBuildFile; fileRef = B114E13425B8A56A00F92599 /* UIColorExtension.swift */; };
		B114E13D25BC33CF00F92599 /* Colors.xcassets in Resources */ = {isa = PBXBuildFile; fileRef = B114E13C25BC33CF00F92599 /* Colors.xcassets */; };
		B114E14125BC34F700F92599 /* Icons.xcassets in Resources */ = {isa = PBXBuildFile; fileRef = B114E14025BC34F700F92599 /* Icons.xcassets */; };
		B1247FAF25BC612C009CEF57 /* ProductImageViewController.swift in Sources */ = {isa = PBXBuildFile; fileRef = B1247FAE25BC612C009CEF57 /* ProductImageViewController.swift */; };
		B12EA4D62691C4F1001654EA /* UIImageExtension.swift in Sources */ = {isa = PBXBuildFile; fileRef = B12EA4D52691C4F1001654EA /* UIImageExtension.swift */; };
		B12EA4D72691C4F1001654EA /* UIImageExtension.swift in Sources */ = {isa = PBXBuildFile; fileRef = B12EA4D52691C4F1001654EA /* UIImageExtension.swift */; };
		B13727A926DBC22D00E0DCF4 /* GoogleService-Info-share-beta.plist in Resources */ = {isa = PBXBuildFile; fileRef = B13727A826DBC22D00E0DCF4 /* GoogleService-Info-share-beta.plist */; };
		B13727AA26DBC2FE00E0DCF4 /* GoogleService-Info-share-beta.plist in Resources */ = {isa = PBXBuildFile; fileRef = B13727A826DBC22D00E0DCF4 /* GoogleService-Info-share-beta.plist */; };
		B148806825AE0D9500D0106B /* LoginResponse.swift in Sources */ = {isa = PBXBuildFile; fileRef = B148806725AE0D9500D0106B /* LoginResponse.swift */; };
		B148806E25AE129500D0106B /* LoginRequest.swift in Sources */ = {isa = PBXBuildFile; fileRef = B148806D25AE129500D0106B /* LoginRequest.swift */; };
		B148809C25B202CE00D0106B /* WishListTableViewController.swift in Sources */ = {isa = PBXBuildFile; fileRef = B148809B25B202CE00D0106B /* WishListTableViewController.swift */; };
		B14880B225B20F2000D0106B /* Wish.swift in Sources */ = {isa = PBXBuildFile; fileRef = B14880B125B20F2000D0106B /* Wish.swift */; };
		B14880B825B20FE800D0106B /* WishService.swift in Sources */ = {isa = PBXBuildFile; fileRef = B14880B725B20FE800D0106B /* WishService.swift */; };
		B14880BE25B2143700D0106B /* WishDataStore.swift in Sources */ = {isa = PBXBuildFile; fileRef = B14880BD25B2143700D0106B /* WishDataStore.swift */; };
		B14880C425B2E8B700D0106B /* AlertService.swift in Sources */ = {isa = PBXBuildFile; fileRef = B14880C325B2E8B700D0106B /* AlertService.swift */; };
		B14880D125B3057300D0106B /* UIViewControllerExtension.swift in Sources */ = {isa = PBXBuildFile; fileRef = B14880D025B3057300D0106B /* UIViewControllerExtension.swift */; };
		B14880D625B30A6E00D0106B /* JWTDecode in Frameworks */ = {isa = PBXBuildFile; productRef = B14880D525B30A6E00D0106B /* JWTDecode */; };
		B158951E264FCDFE005570ED /* ApiService.swift in Sources */ = {isa = PBXBuildFile; fileRef = B158951D264FCDFE005570ED /* ApiService.swift */; };
		B158951F264FCDFE005570ED /* ApiService.swift in Sources */ = {isa = PBXBuildFile; fileRef = B158951D264FCDFE005570ED /* ApiService.swift */; };
		B1589525264FD360005570ED /* HttpStatusCode.swift in Sources */ = {isa = PBXBuildFile; fileRef = B1589524264FD360005570ED /* HttpStatusCode.swift */; };
		B1589526264FD360005570ED /* HttpStatusCode.swift in Sources */ = {isa = PBXBuildFile; fileRef = B1589524264FD360005570ED /* HttpStatusCode.swift */; };
		B16360D025FE13DA00D19F73 /* Price.swift in Sources */ = {isa = PBXBuildFile; fileRef = B16360CF25FE13DA00D19F73 /* Price.swift */; };
		B16360D525FE1BF400D19F73 /* Decimal+Format.swift in Sources */ = {isa = PBXBuildFile; fileRef = B16360D425FE1BF400D19F73 /* Decimal+Format.swift */; };
		B16E1FB325BF3290009EEFDE /* SelfSizedTableView.swift in Sources */ = {isa = PBXBuildFile; fileRef = B16E1FB225BF3290009EEFDE /* SelfSizedTableView.swift */; };
		B16E1FCB25C0770A009EEFDE /* TextFieldInnerPadding.swift in Sources */ = {isa = PBXBuildFile; fileRef = B16E1FCA25C0770A009EEFDE /* TextFieldInnerPadding.swift */; };
		B1750DF425B468300023A9C9 /* UIViewExtension.swift in Sources */ = {isa = PBXBuildFile; fileRef = B1750DF325B468300023A9C9 /* UIViewExtension.swift */; };
		B17629A326051F4500B1FDB7 /* GoogleService-Info-prod.plist in Resources */ = {isa = PBXBuildFile; fileRef = B17629A226051F4500B1FDB7 /* GoogleService-Info-prod.plist */; };
		B17635EB256ABC9500AAEBB8 /* capacitor.config.json in Resources */ = {isa = PBXBuildFile; fileRef = 50379B222058CBB4000EE86E /* capacitor.config.json */; };
		B17B403C25C4717F003363E9 /* FooterView.swift in Sources */ = {isa = PBXBuildFile; fileRef = B17B403B25C4717E003363E9 /* FooterView.swift */; };
		B17B404225C482E6003363E9 /* WanticTextView.swift in Sources */ = {isa = PBXBuildFile; fileRef = B17B404125C482E6003363E9 /* WanticTextView.swift */; };
		B182B57A2709BDD1006B5B77 /* PlayfairDisplay-Regular.ttf in Resources */ = {isa = PBXBuildFile; fileRef = B182B5742709BDC9006B5B77 /* PlayfairDisplay-Regular.ttf */; };
		B182B57B2709BDD1006B5B77 /* PlayfairDisplay-Regular.ttf in Resources */ = {isa = PBXBuildFile; fileRef = B182B5742709BDC9006B5B77 /* PlayfairDisplay-Regular.ttf */; };
		B182B57C2709BDD1006B5B77 /* PlayfairDisplay-BlackItalic.ttf in Resources */ = {isa = PBXBuildFile; fileRef = B182B5752709BDCA006B5B77 /* PlayfairDisplay-BlackItalic.ttf */; };
		B182B57D2709BDD1006B5B77 /* PlayfairDisplay-BlackItalic.ttf in Resources */ = {isa = PBXBuildFile; fileRef = B182B5752709BDCA006B5B77 /* PlayfairDisplay-BlackItalic.ttf */; };
		B182B57E2709BDD1006B5B77 /* PlayfairDisplay-Bold.ttf in Resources */ = {isa = PBXBuildFile; fileRef = B182B5762709BDCA006B5B77 /* PlayfairDisplay-Bold.ttf */; };
		B182B57F2709BDD1006B5B77 /* PlayfairDisplay-Bold.ttf in Resources */ = {isa = PBXBuildFile; fileRef = B182B5762709BDCA006B5B77 /* PlayfairDisplay-Bold.ttf */; };
		B182B5802709BDD1006B5B77 /* PlayfairDisplay-Italic.ttf in Resources */ = {isa = PBXBuildFile; fileRef = B182B5772709BDCA006B5B77 /* PlayfairDisplay-Italic.ttf */; };
		B182B5812709BDD1006B5B77 /* PlayfairDisplay-Italic.ttf in Resources */ = {isa = PBXBuildFile; fileRef = B182B5772709BDCA006B5B77 /* PlayfairDisplay-Italic.ttf */; };
		B182B5822709BDD1006B5B77 /* PlayfairDisplay-Black.ttf in Resources */ = {isa = PBXBuildFile; fileRef = B182B5782709BDD1006B5B77 /* PlayfairDisplay-Black.ttf */; };
		B182B5832709BDD1006B5B77 /* PlayfairDisplay-Black.ttf in Resources */ = {isa = PBXBuildFile; fileRef = B182B5782709BDD1006B5B77 /* PlayfairDisplay-Black.ttf */; };
		B182B5842709BDD1006B5B77 /* PlayfairDisplay-BoldItalic.ttf in Resources */ = {isa = PBXBuildFile; fileRef = B182B5792709BDD1006B5B77 /* PlayfairDisplay-BoldItalic.ttf */; };
		B182B5852709BDD1006B5B77 /* PlayfairDisplay-BoldItalic.ttf in Resources */ = {isa = PBXBuildFile; fileRef = B182B5792709BDD1006B5B77 /* PlayfairDisplay-BoldItalic.ttf */; };
		B182B58A2709BE22006B5B77 /* Roboto-ThinItalic.ttf in Resources */ = {isa = PBXBuildFile; fileRef = B1247FA425BC4AA5009CEF57 /* Roboto-ThinItalic.ttf */; };
		B182B58B2709BE22006B5B77 /* Roboto-Regular.ttf in Resources */ = {isa = PBXBuildFile; fileRef = B1247FA025BC4AA5009CEF57 /* Roboto-Regular.ttf */; };
		B182B58C2709BE22006B5B77 /* Roboto-MediumItalic.ttf in Resources */ = {isa = PBXBuildFile; fileRef = B1247F9F25BC4AA5009CEF57 /* Roboto-MediumItalic.ttf */; };
		B182B58D2709BE22006B5B77 /* Roboto-Medium.ttf in Resources */ = {isa = PBXBuildFile; fileRef = B1247FA325BC4AA5009CEF57 /* Roboto-Medium.ttf */; };
		B182B58E2709BE22006B5B77 /* Roboto-BoldItalic.ttf in Resources */ = {isa = PBXBuildFile; fileRef = B1247FA225BC4AA5009CEF57 /* Roboto-BoldItalic.ttf */; };
		B182B58F2709BE22006B5B77 /* Roboto-LightItalic.ttf in Resources */ = {isa = PBXBuildFile; fileRef = B1247FA625BC4AA5009CEF57 /* Roboto-LightItalic.ttf */; };
		B182B5902709BE22006B5B77 /* Roboto-Italic.ttf in Resources */ = {isa = PBXBuildFile; fileRef = B1247F9E25BC4AA5009CEF57 /* Roboto-Italic.ttf */; };
		B182B5912709BE22006B5B77 /* Roboto-Thin.ttf in Resources */ = {isa = PBXBuildFile; fileRef = B1247F9D25BC4AA5009CEF57 /* Roboto-Thin.ttf */; };
		B182B5922709BE22006B5B77 /* Roboto-Light.ttf in Resources */ = {isa = PBXBuildFile; fileRef = B1247F9B25BC4AA5009CEF57 /* Roboto-Light.ttf */; };
		B182B5932709BE22006B5B77 /* Roboto-Bold.ttf in Resources */ = {isa = PBXBuildFile; fileRef = B1247FA525BC4AA5009CEF57 /* Roboto-Bold.ttf */; };
		B182B5942709BE22006B5B77 /* Roboto-BlackItalic.ttf in Resources */ = {isa = PBXBuildFile; fileRef = B1247FA125BC4AA5009CEF57 /* Roboto-BlackItalic.ttf */; };
		B182B5952709BE22006B5B77 /* Roboto-Black.ttf in Resources */ = {isa = PBXBuildFile; fileRef = B1247F9C25BC4AA5009CEF57 /* Roboto-Black.ttf */; };
		B182B59A2709BE22006B5B77 /* Roboto-ThinItalic.ttf in Resources */ = {isa = PBXBuildFile; fileRef = B1247FA425BC4AA5009CEF57 /* Roboto-ThinItalic.ttf */; };
		B182B59B2709BE22006B5B77 /* Roboto-Regular.ttf in Resources */ = {isa = PBXBuildFile; fileRef = B1247FA025BC4AA5009CEF57 /* Roboto-Regular.ttf */; };
		B182B59C2709BE22006B5B77 /* Roboto-MediumItalic.ttf in Resources */ = {isa = PBXBuildFile; fileRef = B1247F9F25BC4AA5009CEF57 /* Roboto-MediumItalic.ttf */; };
		B182B59D2709BE22006B5B77 /* Roboto-Medium.ttf in Resources */ = {isa = PBXBuildFile; fileRef = B1247FA325BC4AA5009CEF57 /* Roboto-Medium.ttf */; };
		B182B59E2709BE22006B5B77 /* Roboto-BoldItalic.ttf in Resources */ = {isa = PBXBuildFile; fileRef = B1247FA225BC4AA5009CEF57 /* Roboto-BoldItalic.ttf */; };
		B182B59F2709BE22006B5B77 /* Roboto-LightItalic.ttf in Resources */ = {isa = PBXBuildFile; fileRef = B1247FA625BC4AA5009CEF57 /* Roboto-LightItalic.ttf */; };
		B182B5A02709BE22006B5B77 /* Roboto-Italic.ttf in Resources */ = {isa = PBXBuildFile; fileRef = B1247F9E25BC4AA5009CEF57 /* Roboto-Italic.ttf */; };
		B182B5A12709BE22006B5B77 /* Roboto-Thin.ttf in Resources */ = {isa = PBXBuildFile; fileRef = B1247F9D25BC4AA5009CEF57 /* Roboto-Thin.ttf */; };
		B182B5A22709BE22006B5B77 /* Roboto-Light.ttf in Resources */ = {isa = PBXBuildFile; fileRef = B1247F9B25BC4AA5009CEF57 /* Roboto-Light.ttf */; };
		B182B5A32709BE22006B5B77 /* Roboto-Bold.ttf in Resources */ = {isa = PBXBuildFile; fileRef = B1247FA525BC4AA5009CEF57 /* Roboto-Bold.ttf */; };
		B182B5A42709BE22006B5B77 /* Roboto-BlackItalic.ttf in Resources */ = {isa = PBXBuildFile; fileRef = B1247FA125BC4AA5009CEF57 /* Roboto-BlackItalic.ttf */; };
		B182B5A52709BE22006B5B77 /* Roboto-Black.ttf in Resources */ = {isa = PBXBuildFile; fileRef = B1247F9C25BC4AA5009CEF57 /* Roboto-Black.ttf */; };
		B18F1CC526874EF800FD7528 /* WebViewController.swift in Sources */ = {isa = PBXBuildFile; fileRef = B18F1CC426874EF800FD7528 /* WebViewController.swift */; };
		B18F1CC626874EF800FD7528 /* WebViewController.swift in Sources */ = {isa = PBXBuildFile; fileRef = B18F1CC426874EF800FD7528 /* WebViewController.swift */; };
		B18F1CCC2687610D00FD7528 /* fetch-product-infos.js in Resources */ = {isa = PBXBuildFile; fileRef = B18F1CCB2687610D00FD7528 /* fetch-product-infos.js */; };
		B18F1CCD2687610D00FD7528 /* fetch-product-infos.js in Resources */ = {isa = PBXBuildFile; fileRef = B18F1CCB2687610D00FD7528 /* fetch-product-infos.js */; };
		B18F1CDB2688846E00FD7528 /* Share Beta-Info.plist in Resources */ = {isa = PBXBuildFile; fileRef = B18F1CDA2688846E00FD7528 /* Share Beta-Info.plist */; };
		B18F1CDC2688846E00FD7528 /* Share Beta-Info.plist in Resources */ = {isa = PBXBuildFile; fileRef = B18F1CDA2688846E00FD7528 /* Share Beta-Info.plist */; };
		B19A51CE2610CD8E00984207 /* AppDelegate.swift in Sources */ = {isa = PBXBuildFile; fileRef = 504EC3071FED79650016851F /* AppDelegate.swift */; };
		B19A51D22610CD8E00984207 /* LaunchScreen.storyboard in Resources */ = {isa = PBXBuildFile; fileRef = 504EC3101FED79650016851F /* LaunchScreen.storyboard */; };
		B19A51D32610CD8E00984207 /* public in Resources */ = {isa = PBXBuildFile; fileRef = 50B271D01FEDC1A000F3C39B /* public */; };
		B19A51D42610CD8E00984207 /* Assets.xcassets in Resources */ = {isa = PBXBuildFile; fileRef = 504EC30E1FED79650016851F /* Assets.xcassets */; };
		B19A51D52610CD8E00984207 /* capacitor.config.json in Resources */ = {isa = PBXBuildFile; fileRef = 50379B222058CBB4000EE86E /* capacitor.config.json */; };
		B19A51D62610CD8E00984207 /* Main.storyboard in Resources */ = {isa = PBXBuildFile; fileRef = 504EC30B1FED79650016851F /* Main.storyboard */; };
		B19A51D72610CD8E00984207 /* config.xml in Resources */ = {isa = PBXBuildFile; fileRef = 2FAD9762203C412B000D30F8 /* config.xml */; };
		B19A51EE2610CE8000984207 /* UIColorExtension.swift in Sources */ = {isa = PBXBuildFile; fileRef = B114E13425B8A56A00F92599 /* UIColorExtension.swift */; };
		B19A51EF2610CE8000984207 /* WishListService.swift in Sources */ = {isa = PBXBuildFile; fileRef = B1A80FC4258B3F9B00F0917F /* WishListService.swift */; };
		B19A51F02610CE8000984207 /* ProductInfo.swift in Sources */ = {isa = PBXBuildFile; fileRef = B1A80F9F258A281600F0917F /* ProductInfo.swift */; };
		B19A51F12610CE8000984207 /* SelfSizedTableView.swift in Sources */ = {isa = PBXBuildFile; fileRef = B16E1FB225BF3290009EEFDE /* SelfSizedTableView.swift */; };
		B19A51F22610CE8000984207 /* AlertService.swift in Sources */ = {isa = PBXBuildFile; fileRef = B14880C325B2E8B700D0106B /* AlertService.swift */; };
		B19A51F32610CE8000984207 /* UIViewControllerExtension.swift in Sources */ = {isa = PBXBuildFile; fileRef = B14880D025B3057300D0106B /* UIViewControllerExtension.swift */; };
		B19A51F42610CE8000984207 /* AuthService.swift in Sources */ = {isa = PBXBuildFile; fileRef = B1A80FC8258B40D900F0917F /* AuthService.swift */; };
		B19A51F52610CE8000984207 /* WishDataStore.swift in Sources */ = {isa = PBXBuildFile; fileRef = B14880BD25B2143700D0106B /* WishDataStore.swift */; };
		B19A51F62610CE8000984207 /* Wish.swift in Sources */ = {isa = PBXBuildFile; fileRef = B14880B125B20F2000D0106B /* Wish.swift */; };
		B19A51F72610CE8000984207 /* Decimal+Format.swift in Sources */ = {isa = PBXBuildFile; fileRef = B16360D425FE1BF400D19F73 /* Decimal+Format.swift */; };
		B19A51F82610CE8000984207 /* UIViewExtension.swift in Sources */ = {isa = PBXBuildFile; fileRef = B1750DF325B468300023A9C9 /* UIViewExtension.swift */; };
		B19A51F92610CE8000984207 /* LoginResponse.swift in Sources */ = {isa = PBXBuildFile; fileRef = B148806725AE0D9500D0106B /* LoginResponse.swift */; };
		B19A51FA2610CE8000984207 /* WishList.swift in Sources */ = {isa = PBXBuildFile; fileRef = B1A80FAD258A770100F0917F /* WishList.swift */; };
		B19A51FB2610CE8000984207 /* WishService.swift in Sources */ = {isa = PBXBuildFile; fileRef = B14880B725B20FE800D0106B /* WishService.swift */; };
		B19A51FC2610CE8000984207 /* WanticTextView.swift in Sources */ = {isa = PBXBuildFile; fileRef = B17B404125C482E6003363E9 /* WanticTextView.swift */; };
		B19A51FD2610CE8000984207 /* WishListTableViewController.swift in Sources */ = {isa = PBXBuildFile; fileRef = B148809B25B202CE00D0106B /* WishListTableViewController.swift */; };
		B19A51FE2610CE8000984207 /* UIImageViewExtension.swift in Sources */ = {isa = PBXBuildFile; fileRef = B1A80FA3258A2A0E00F0917F /* UIImageViewExtension.swift */; };
		B19A51FF2610CE8000984207 /* FooterView.swift in Sources */ = {isa = PBXBuildFile; fileRef = B17B403B25C4717E003363E9 /* FooterView.swift */; };
		B19A52002610CE8000984207 /* ProductImageViewController.swift in Sources */ = {isa = PBXBuildFile; fileRef = B1247FAE25BC612C009CEF57 /* ProductImageViewController.swift */; };
		B19A52012610CE8000984207 /* EditDetailsViewController.swift in Sources */ = {isa = PBXBuildFile; fileRef = B1A80FA7258A705100F0917F /* EditDetailsViewController.swift */; };
		B19A52022610CE8000984207 /* Price.swift in Sources */ = {isa = PBXBuildFile; fileRef = B16360CF25FE13DA00D19F73 /* Price.swift */; };
		B19A52032610CE8000984207 /* LoginRequest.swift in Sources */ = {isa = PBXBuildFile; fileRef = B148806D25AE129500D0106B /* LoginRequest.swift */; };
		B19A52042610CE8000984207 /* TextFieldInnerPadding.swift in Sources */ = {isa = PBXBuildFile; fileRef = B16E1FCA25C0770A009EEFDE /* TextFieldInnerPadding.swift */; };
		B19A52062610CE8000984207 /* JWTDecode in Frameworks */ = {isa = PBXBuildFile; productRef = B19A51EA2610CE8000984207 /* JWTDecode */; };
		B19A52072610CE8000984207 /* SwiftKeychainWrapper in Frameworks */ = {isa = PBXBuildFile; productRef = B19A51E82610CE8000984207 /* SwiftKeychainWrapper */; };
		B19A520A2610CE8000984207 /* MainInterface.storyboard in Resources */ = {isa = PBXBuildFile; fileRef = B1A80F882589F59800F0917F /* MainInterface.storyboard */; };
		B19A521D2610CE8000984207 /* Colors.xcassets in Resources */ = {isa = PBXBuildFile; fileRef = B114E13C25BC33CF00F92599 /* Colors.xcassets */; };
		B19A52232610CE8000984207 /* ExtensionClass.js in Resources */ = {isa = PBXBuildFile; fileRef = B1A80F97258A0F5D00F0917F /* ExtensionClass.js */; };
		B19A522A2610CE8000984207 /* Icons.xcassets in Resources */ = {isa = PBXBuildFile; fileRef = B114E14025BC34F700F92599 /* Icons.xcassets */; };
		B19A523A2610D11400984207 /* AppConfig.swift in Sources */ = {isa = PBXBuildFile; fileRef = B19A52392610D11400984207 /* AppConfig.swift */; };
		B19A52482610D1A500984207 /* AppConfig.swift in Sources */ = {isa = PBXBuildFile; fileRef = B19A52472610D1A500984207 /* AppConfig.swift */; };
		B19A527D2610D7C800984207 /* Share Beta.appex in Embed App Extensions */ = {isa = PBXBuildFile; fileRef = B19A522E2610CE8000984207 /* Share Beta.appex */; settings = {ATTRIBUTES = (RemoveHeadersOnCopy, ); }; };
		B1A80F8A2589F59800F0917F /* MainInterface.storyboard in Resources */ = {isa = PBXBuildFile; fileRef = B1A80F882589F59800F0917F /* MainInterface.storyboard */; };
		B1A80F8E2589F59800F0917F /* Share.appex in Embed App Extensions */ = {isa = PBXBuildFile; fileRef = B1A80F842589F59800F0917F /* Share.appex */; settings = {ATTRIBUTES = (RemoveHeadersOnCopy, ); }; };
		B1A80F98258A0F5D00F0917F /* ExtensionClass.js in Resources */ = {isa = PBXBuildFile; fileRef = B1A80F97258A0F5D00F0917F /* ExtensionClass.js */; };
		B1A80FA0258A281600F0917F /* ProductInfo.swift in Sources */ = {isa = PBXBuildFile; fileRef = B1A80F9F258A281600F0917F /* ProductInfo.swift */; };
		B1A80FA4258A2A0E00F0917F /* UIImageViewExtension.swift in Sources */ = {isa = PBXBuildFile; fileRef = B1A80FA3258A2A0E00F0917F /* UIImageViewExtension.swift */; };
		B1A80FA8258A705100F0917F /* EditDetailsViewController.swift in Sources */ = {isa = PBXBuildFile; fileRef = B1A80FA7258A705100F0917F /* EditDetailsViewController.swift */; };
		B1A80FAE258A770100F0917F /* WishList.swift in Sources */ = {isa = PBXBuildFile; fileRef = B1A80FAD258A770100F0917F /* WishList.swift */; };
		B1A80FC1258B3F6E00F0917F /* SwiftKeychainWrapper in Frameworks */ = {isa = PBXBuildFile; productRef = B1A80FC0258B3F6E00F0917F /* SwiftKeychainWrapper */; };
		B1A80FC5258B3F9B00F0917F /* WishListService.swift in Sources */ = {isa = PBXBuildFile; fileRef = B1A80FC4258B3F9B00F0917F /* WishListService.swift */; };
		B1A80FC9258B40D900F0917F /* AuthService.swift in Sources */ = {isa = PBXBuildFile; fileRef = B1A80FC8258B40D900F0917F /* AuthService.swift */; };
		B1EBF5A526DBB7EA00E051D0 /* GoogleService-Info-prod.plist in Resources */ = {isa = PBXBuildFile; fileRef = B17629A226051F4500B1FDB7 /* GoogleService-Info-prod.plist */; };
		B1F81EA1263EF1F800C277FB /* GoogleService-Info-beta.plist in Resources */ = {isa = PBXBuildFile; fileRef = B1F81EA0263EF1F800C277FB /* GoogleService-Info-beta.plist */; };
		B1F81EC12641D40E00C277FB /* GoogleService-Info-share-prod.plist in Resources */ = {isa = PBXBuildFile; fileRef = B1F81EBE2641D40E00C277FB /* GoogleService-Info-share-prod.plist */; };
		B1F81EC22641D40E00C277FB /* GoogleService-Info-share-prod.plist in Resources */ = {isa = PBXBuildFile; fileRef = B1F81EBE2641D40E00C277FB /* GoogleService-Info-share-prod.plist */; };
		B1F81F122641DB4000C277FB /* Credentials.swift in Sources */ = {isa = PBXBuildFile; fileRef = B1F81F112641DB4000C277FB /* Credentials.swift */; };
		B1F81F132641DB4000C277FB /* Credentials.swift in Sources */ = {isa = PBXBuildFile; fileRef = B1F81F112641DB4000C277FB /* Credentials.swift */; };
		B1F81F6A26430D1500C277FB /* WanticShareNavigationController.swift in Sources */ = {isa = PBXBuildFile; fileRef = B1F81F6926430D1500C277FB /* WanticShareNavigationController.swift */; };
		B1F81F6B26430D1500C277FB /* WanticShareNavigationController.swift in Sources */ = {isa = PBXBuildFile; fileRef = B1F81F6926430D1500C277FB /* WanticShareNavigationController.swift */; };
		D90353C84B3AEE23E77B9B64 /* Pods_Wantic_Beta.framework in Frameworks */ = {isa = PBXBuildFile; fileRef = 7B27AB4136DB89BC062A666D /* Pods_Wantic_Beta.framework */; };
/* End PBXBuildFile section */

/* Begin PBXContainerItemProxy section */
		B19A52562610D4BA00984207 /* PBXContainerItemProxy */ = {
			isa = PBXContainerItemProxy;
			containerPortal = 504EC2FC1FED79650016851F /* Project object */;
			proxyType = 1;
			remoteGlobalIDString = B19A51E72610CE8000984207;
			remoteInfo = "Share Beta";
		};
		B19A527E2610D7C800984207 /* PBXContainerItemProxy */ = {
			isa = PBXContainerItemProxy;
			containerPortal = 504EC2FC1FED79650016851F /* Project object */;
			proxyType = 1;
			remoteGlobalIDString = B19A51E72610CE8000984207;
			remoteInfo = "Share Beta";
		};
		B1A80F8C2589F59800F0917F /* PBXContainerItemProxy */ = {
			isa = PBXContainerItemProxy;
			containerPortal = 504EC2FC1FED79650016851F /* Project object */;
			proxyType = 1;
			remoteGlobalIDString = B1A80F832589F59800F0917F;
			remoteInfo = Share;
		};
/* End PBXContainerItemProxy section */

/* Begin PBXCopyFilesBuildPhase section */
		B19A51DA2610CD8E00984207 /* Embed App Extensions */ = {
			isa = PBXCopyFilesBuildPhase;
			buildActionMask = 2147483647;
			dstPath = "";
			dstSubfolderSpec = 13;
			files = (
				B19A527D2610D7C800984207 /* Share Beta.appex in Embed App Extensions */,
			);
			name = "Embed App Extensions";
			runOnlyForDeploymentPostprocessing = 0;
		};
		B1A80F8F2589F59800F0917F /* Embed App Extensions */ = {
			isa = PBXCopyFilesBuildPhase;
			buildActionMask = 2147483647;
			dstPath = "";
			dstSubfolderSpec = 13;
			files = (
				B1A80F8E2589F59800F0917F /* Share.appex in Embed App Extensions */,
			);
			name = "Embed App Extensions";
			runOnlyForDeploymentPostprocessing = 0;
		};
/* End PBXCopyFilesBuildPhase section */

/* Begin PBXFileReference section */
		08306D799C7EAC0B134BF2F6 /* Pods-Wantic.debug.xcconfig */ = {isa = PBXFileReference; includeInIndex = 1; lastKnownFileType = text.xcconfig; name = "Pods-Wantic.debug.xcconfig"; path = "Target Support Files/Pods-Wantic/Pods-Wantic.debug.xcconfig"; sourceTree = "<group>"; };
		0FACE3CCFB1AC49FE6800C41 /* Pods-Share.debug.xcconfig */ = {isa = PBXFileReference; includeInIndex = 1; lastKnownFileType = text.xcconfig; name = "Pods-Share.debug.xcconfig"; path = "Target Support Files/Pods-Share/Pods-Share.debug.xcconfig"; sourceTree = "<group>"; };
		224EA8C7F4A13B5E1D71AAA9 /* Pods_Share.framework */ = {isa = PBXFileReference; explicitFileType = wrapper.framework; includeInIndex = 0; path = Pods_Share.framework; sourceTree = BUILT_PRODUCTS_DIR; };
		2C4764BF868B775D38055237 /* Pods-Share Beta.debug.xcconfig */ = {isa = PBXFileReference; includeInIndex = 1; lastKnownFileType = text.xcconfig; name = "Pods-Share Beta.debug.xcconfig"; path = "Target Support Files/Pods-Share Beta/Pods-Share Beta.debug.xcconfig"; sourceTree = "<group>"; };
		2EE753DDAFA5FADD1CA3005B /* Pods-Wantic Beta.release.xcconfig */ = {isa = PBXFileReference; includeInIndex = 1; lastKnownFileType = text.xcconfig; name = "Pods-Wantic Beta.release.xcconfig"; path = "Target Support Files/Pods-Wantic Beta/Pods-Wantic Beta.release.xcconfig"; sourceTree = "<group>"; };
		2FAD9762203C412B000D30F8 /* config.xml */ = {isa = PBXFileReference; lastKnownFileType = text.xml; path = config.xml; sourceTree = "<group>"; };
		4E3649D9A59B91EF69358822 /* Pods-Share Beta.release.xcconfig */ = {isa = PBXFileReference; includeInIndex = 1; lastKnownFileType = text.xcconfig; name = "Pods-Share Beta.release.xcconfig"; path = "Target Support Files/Pods-Share Beta/Pods-Share Beta.release.xcconfig"; sourceTree = "<group>"; };
		50379B222058CBB4000EE86E /* capacitor.config.json */ = {isa = PBXFileReference; fileEncoding = 4; lastKnownFileType = text.json; path = capacitor.config.json; sourceTree = "<group>"; };
		504EC3041FED79650016851F /* Wantic.app */ = {isa = PBXFileReference; explicitFileType = wrapper.application; includeInIndex = 0; path = Wantic.app; sourceTree = BUILT_PRODUCTS_DIR; };
		504EC3071FED79650016851F /* AppDelegate.swift */ = {isa = PBXFileReference; lastKnownFileType = sourcecode.swift; path = AppDelegate.swift; sourceTree = "<group>"; };
		504EC30C1FED79650016851F /* Base */ = {isa = PBXFileReference; lastKnownFileType = file.storyboard; name = Base; path = Base.lproj/Main.storyboard; sourceTree = "<group>"; };
		504EC30E1FED79650016851F /* Assets.xcassets */ = {isa = PBXFileReference; lastKnownFileType = folder.assetcatalog; path = Assets.xcassets; sourceTree = "<group>"; };
		504EC3111FED79650016851F /* Base */ = {isa = PBXFileReference; lastKnownFileType = file.storyboard; name = Base; path = Base.lproj/LaunchScreen.storyboard; sourceTree = "<group>"; };
		504EC3131FED79650016851F /* Info.plist */ = {isa = PBXFileReference; lastKnownFileType = text.plist.xml; path = Info.plist; sourceTree = "<group>"; };
		50B271D01FEDC1A000F3C39B /* public */ = {isa = PBXFileReference; lastKnownFileType = folder; path = public; sourceTree = SOURCE_ROOT; };
		73345A22E0DF0C1493B9AB3F /* Pods-Share.release.xcconfig */ = {isa = PBXFileReference; includeInIndex = 1; lastKnownFileType = text.xcconfig; name = "Pods-Share.release.xcconfig"; path = "Target Support Files/Pods-Share/Pods-Share.release.xcconfig"; sourceTree = "<group>"; };
		7A1A1E3069FF2D518F1CD520 /* Pods-Wantic.release.xcconfig */ = {isa = PBXFileReference; includeInIndex = 1; lastKnownFileType = text.xcconfig; name = "Pods-Wantic.release.xcconfig"; path = "Target Support Files/Pods-Wantic/Pods-Wantic.release.xcconfig"; sourceTree = "<group>"; };
		7B27AB4136DB89BC062A666D /* Pods_Wantic_Beta.framework */ = {isa = PBXFileReference; explicitFileType = wrapper.framework; includeInIndex = 0; path = Pods_Wantic_Beta.framework; sourceTree = BUILT_PRODUCTS_DIR; };
		8AD091C1006C592B3EC8CF9E /* Pods-Wantic Beta.debug.xcconfig */ = {isa = PBXFileReference; includeInIndex = 1; lastKnownFileType = text.xcconfig; name = "Pods-Wantic Beta.debug.xcconfig"; path = "Target Support Files/Pods-Wantic Beta/Pods-Wantic Beta.debug.xcconfig"; sourceTree = "<group>"; };
		97EFE697BDE6917534998A24 /* Pods_Share_Beta.framework */ = {isa = PBXFileReference; explicitFileType = wrapper.framework; includeInIndex = 0; path = Pods_Share_Beta.framework; sourceTree = BUILT_PRODUCTS_DIR; };
		B114E13425B8A56A00F92599 /* UIColorExtension.swift */ = {isa = PBXFileReference; lastKnownFileType = sourcecode.swift; path = UIColorExtension.swift; sourceTree = "<group>"; };
		B114E13C25BC33CF00F92599 /* Colors.xcassets */ = {isa = PBXFileReference; lastKnownFileType = folder.assetcatalog; path = Colors.xcassets; sourceTree = "<group>"; };
		B114E14025BC34F700F92599 /* Icons.xcassets */ = {isa = PBXFileReference; lastKnownFileType = folder.assetcatalog; path = Icons.xcassets; sourceTree = "<group>"; };
		B1247F9B25BC4AA5009CEF57 /* Roboto-Light.ttf */ = {isa = PBXFileReference; lastKnownFileType = file; path = "Roboto-Light.ttf"; sourceTree = "<group>"; };
		B1247F9C25BC4AA5009CEF57 /* Roboto-Black.ttf */ = {isa = PBXFileReference; lastKnownFileType = file; path = "Roboto-Black.ttf"; sourceTree = "<group>"; };
		B1247F9D25BC4AA5009CEF57 /* Roboto-Thin.ttf */ = {isa = PBXFileReference; lastKnownFileType = file; path = "Roboto-Thin.ttf"; sourceTree = "<group>"; };
		B1247F9E25BC4AA5009CEF57 /* Roboto-Italic.ttf */ = {isa = PBXFileReference; lastKnownFileType = file; path = "Roboto-Italic.ttf"; sourceTree = "<group>"; };
		B1247F9F25BC4AA5009CEF57 /* Roboto-MediumItalic.ttf */ = {isa = PBXFileReference; lastKnownFileType = file; path = "Roboto-MediumItalic.ttf"; sourceTree = "<group>"; };
		B1247FA025BC4AA5009CEF57 /* Roboto-Regular.ttf */ = {isa = PBXFileReference; lastKnownFileType = file; path = "Roboto-Regular.ttf"; sourceTree = "<group>"; };
		B1247FA125BC4AA5009CEF57 /* Roboto-BlackItalic.ttf */ = {isa = PBXFileReference; lastKnownFileType = file; path = "Roboto-BlackItalic.ttf"; sourceTree = "<group>"; };
		B1247FA225BC4AA5009CEF57 /* Roboto-BoldItalic.ttf */ = {isa = PBXFileReference; lastKnownFileType = file; path = "Roboto-BoldItalic.ttf"; sourceTree = "<group>"; };
		B1247FA325BC4AA5009CEF57 /* Roboto-Medium.ttf */ = {isa = PBXFileReference; lastKnownFileType = file; path = "Roboto-Medium.ttf"; sourceTree = "<group>"; };
		B1247FA425BC4AA5009CEF57 /* Roboto-ThinItalic.ttf */ = {isa = PBXFileReference; lastKnownFileType = file; path = "Roboto-ThinItalic.ttf"; sourceTree = "<group>"; };
		B1247FA525BC4AA5009CEF57 /* Roboto-Bold.ttf */ = {isa = PBXFileReference; lastKnownFileType = file; path = "Roboto-Bold.ttf"; sourceTree = "<group>"; };
		B1247FA625BC4AA5009CEF57 /* Roboto-LightItalic.ttf */ = {isa = PBXFileReference; lastKnownFileType = file; path = "Roboto-LightItalic.ttf"; sourceTree = "<group>"; };
		B1247FA725BC4AA5009CEF57 /* LICENSE.txt */ = {isa = PBXFileReference; lastKnownFileType = text; path = LICENSE.txt; sourceTree = "<group>"; };
		B1247FAE25BC612C009CEF57 /* ProductImageViewController.swift */ = {isa = PBXFileReference; lastKnownFileType = sourcecode.swift; path = ProductImageViewController.swift; sourceTree = "<group>"; };
		B12EA4D52691C4F1001654EA /* UIImageExtension.swift */ = {isa = PBXFileReference; lastKnownFileType = sourcecode.swift; path = UIImageExtension.swift; sourceTree = "<group>"; };
		B13727A826DBC22D00E0DCF4 /* GoogleService-Info-share-beta.plist */ = {isa = PBXFileReference; fileEncoding = 4; lastKnownFileType = text.plist.xml; path = "GoogleService-Info-share-beta.plist"; sourceTree = "<group>"; };
		B148806725AE0D9500D0106B /* LoginResponse.swift */ = {isa = PBXFileReference; lastKnownFileType = sourcecode.swift; path = LoginResponse.swift; sourceTree = "<group>"; };
		B148806D25AE129500D0106B /* LoginRequest.swift */ = {isa = PBXFileReference; lastKnownFileType = sourcecode.swift; path = LoginRequest.swift; sourceTree = "<group>"; };
		B148809B25B202CE00D0106B /* WishListTableViewController.swift */ = {isa = PBXFileReference; lastKnownFileType = sourcecode.swift; path = WishListTableViewController.swift; sourceTree = "<group>"; };
		B14880B125B20F2000D0106B /* Wish.swift */ = {isa = PBXFileReference; lastKnownFileType = sourcecode.swift; path = Wish.swift; sourceTree = "<group>"; };
		B14880B725B20FE800D0106B /* WishService.swift */ = {isa = PBXFileReference; lastKnownFileType = sourcecode.swift; path = WishService.swift; sourceTree = "<group>"; };
		B14880BD25B2143700D0106B /* WishDataStore.swift */ = {isa = PBXFileReference; lastKnownFileType = sourcecode.swift; path = WishDataStore.swift; sourceTree = "<group>"; };
		B14880C325B2E8B700D0106B /* AlertService.swift */ = {isa = PBXFileReference; lastKnownFileType = sourcecode.swift; path = AlertService.swift; sourceTree = "<group>"; };
		B14880D025B3057300D0106B /* UIViewControllerExtension.swift */ = {isa = PBXFileReference; lastKnownFileType = sourcecode.swift; path = UIViewControllerExtension.swift; sourceTree = "<group>"; };
		B158951D264FCDFE005570ED /* ApiService.swift */ = {isa = PBXFileReference; lastKnownFileType = sourcecode.swift; path = ApiService.swift; sourceTree = "<group>"; };
		B1589524264FD360005570ED /* HttpStatusCode.swift */ = {isa = PBXFileReference; lastKnownFileType = sourcecode.swift; path = HttpStatusCode.swift; sourceTree = "<group>"; };
		B16360CF25FE13DA00D19F73 /* Price.swift */ = {isa = PBXFileReference; lastKnownFileType = sourcecode.swift; path = Price.swift; sourceTree = "<group>"; };
		B16360D425FE1BF400D19F73 /* Decimal+Format.swift */ = {isa = PBXFileReference; lastKnownFileType = sourcecode.swift; path = "Decimal+Format.swift"; sourceTree = "<group>"; };
		B16E1FB225BF3290009EEFDE /* SelfSizedTableView.swift */ = {isa = PBXFileReference; lastKnownFileType = sourcecode.swift; path = SelfSizedTableView.swift; sourceTree = "<group>"; };
		B16E1FCA25C0770A009EEFDE /* TextFieldInnerPadding.swift */ = {isa = PBXFileReference; lastKnownFileType = sourcecode.swift; path = TextFieldInnerPadding.swift; sourceTree = "<group>"; };
		B1750DF325B468300023A9C9 /* UIViewExtension.swift */ = {isa = PBXFileReference; lastKnownFileType = sourcecode.swift; path = UIViewExtension.swift; sourceTree = "<group>"; };
		B17629A226051F4500B1FDB7 /* GoogleService-Info-prod.plist */ = {isa = PBXFileReference; fileEncoding = 4; lastKnownFileType = text.plist.xml; path = "GoogleService-Info-prod.plist"; sourceTree = "<group>"; };
		B17635ED256AD3EC00AAEBB8 /* App.entitlements */ = {isa = PBXFileReference; fileEncoding = 4; lastKnownFileType = text.plist.entitlements; path = App.entitlements; sourceTree = "<group>"; };
		B17B403B25C4717E003363E9 /* FooterView.swift */ = {isa = PBXFileReference; lastKnownFileType = sourcecode.swift; path = FooterView.swift; sourceTree = "<group>"; };
		B17B404125C482E6003363E9 /* WanticTextView.swift */ = {isa = PBXFileReference; lastKnownFileType = sourcecode.swift; path = WanticTextView.swift; sourceTree = "<group>"; };
		B182B5742709BDC9006B5B77 /* PlayfairDisplay-Regular.ttf */ = {isa = PBXFileReference; lastKnownFileType = file; path = "PlayfairDisplay-Regular.ttf"; sourceTree = "<group>"; };
		B182B5752709BDCA006B5B77 /* PlayfairDisplay-BlackItalic.ttf */ = {isa = PBXFileReference; lastKnownFileType = file; path = "PlayfairDisplay-BlackItalic.ttf"; sourceTree = "<group>"; };
		B182B5762709BDCA006B5B77 /* PlayfairDisplay-Bold.ttf */ = {isa = PBXFileReference; lastKnownFileType = file; path = "PlayfairDisplay-Bold.ttf"; sourceTree = "<group>"; };
		B182B5772709BDCA006B5B77 /* PlayfairDisplay-Italic.ttf */ = {isa = PBXFileReference; lastKnownFileType = file; path = "PlayfairDisplay-Italic.ttf"; sourceTree = "<group>"; };
		B182B5782709BDD1006B5B77 /* PlayfairDisplay-Black.ttf */ = {isa = PBXFileReference; lastKnownFileType = file; path = "PlayfairDisplay-Black.ttf"; sourceTree = "<group>"; };
		B182B5792709BDD1006B5B77 /* PlayfairDisplay-BoldItalic.ttf */ = {isa = PBXFileReference; lastKnownFileType = file; path = "PlayfairDisplay-BoldItalic.ttf"; sourceTree = "<group>"; };
		B18F1CC426874EF800FD7528 /* WebViewController.swift */ = {isa = PBXFileReference; lastKnownFileType = sourcecode.swift; path = WebViewController.swift; sourceTree = "<group>"; };
		B18F1CCB2687610D00FD7528 /* fetch-product-infos.js */ = {isa = PBXFileReference; fileEncoding = 4; lastKnownFileType = sourcecode.javascript; path = "fetch-product-infos.js"; sourceTree = "<group>"; };
		B18F1CDA2688846E00FD7528 /* Share Beta-Info.plist */ = {isa = PBXFileReference; fileEncoding = 4; lastKnownFileType = text.plist.xml; path = "Share Beta-Info.plist"; sourceTree = "<group>"; };
		B19A51DF2610CD8E00984207 /* Wantic Beta.app */ = {isa = PBXFileReference; explicitFileType = wrapper.application; includeInIndex = 0; path = "Wantic Beta.app"; sourceTree = BUILT_PRODUCTS_DIR; };
		B19A51E02610CD8E00984207 /* Wantic copy-Info.plist */ = {isa = PBXFileReference; lastKnownFileType = text.plist.xml; name = "Wantic copy-Info.plist"; path = "/Users/fischeti/Documents/develop/wantic-frontend/ios/App/Wantic copy-Info.plist"; sourceTree = "<absolute>"; };
		B19A522E2610CE8000984207 /* Share Beta.appex */ = {isa = PBXFileReference; explicitFileType = "wrapper.app-extension"; includeInIndex = 0; path = "Share Beta.appex"; sourceTree = BUILT_PRODUCTS_DIR; };
		B19A522F2610CE8100984207 /* Share copy-Info.plist */ = {isa = PBXFileReference; lastKnownFileType = text.plist.xml; name = "Share copy-Info.plist"; path = "/Users/fischeti/Documents/develop/wantic-frontend/ios/App/Share copy-Info.plist"; sourceTree = "<absolute>"; };
		B19A52392610D11400984207 /* AppConfig.swift */ = {isa = PBXFileReference; lastKnownFileType = sourcecode.swift; path = AppConfig.swift; sourceTree = "<group>"; };
		B19A52472610D1A500984207 /* AppConfig.swift */ = {isa = PBXFileReference; lastKnownFileType = sourcecode.swift; path = AppConfig.swift; sourceTree = "<group>"; };
		B19A530926123C8D00984207 /* Wantic Beta-Info.plist */ = {isa = PBXFileReference; fileEncoding = 4; lastKnownFileType = text.plist.xml; path = "Wantic Beta-Info.plist"; sourceTree = "<group>"; };
		B19A531026123D3D00984207 /* Wantic Beta.entitlements */ = {isa = PBXFileReference; fileEncoding = 4; lastKnownFileType = text.plist.entitlements; path = "Wantic Beta.entitlements"; sourceTree = "<group>"; };
		B1A80F842589F59800F0917F /* Share.appex */ = {isa = PBXFileReference; explicitFileType = "wrapper.app-extension"; includeInIndex = 0; path = Share.appex; sourceTree = BUILT_PRODUCTS_DIR; };
		B1A80F892589F59800F0917F /* Base */ = {isa = PBXFileReference; lastKnownFileType = file.storyboard; name = Base; path = Base.lproj/MainInterface.storyboard; sourceTree = "<group>"; };
		B1A80F8B2589F59800F0917F /* Info.plist */ = {isa = PBXFileReference; lastKnownFileType = text.plist.xml; path = Info.plist; sourceTree = "<group>"; };
		B1A80F97258A0F5D00F0917F /* ExtensionClass.js */ = {isa = PBXFileReference; fileEncoding = 4; lastKnownFileType = sourcecode.javascript; path = ExtensionClass.js; sourceTree = "<group>"; };
		B1A80F9F258A281600F0917F /* ProductInfo.swift */ = {isa = PBXFileReference; lastKnownFileType = sourcecode.swift; path = ProductInfo.swift; sourceTree = "<group>"; };
		B1A80FA3258A2A0E00F0917F /* UIImageViewExtension.swift */ = {isa = PBXFileReference; lastKnownFileType = sourcecode.swift; path = UIImageViewExtension.swift; sourceTree = "<group>"; };
		B1A80FA7258A705100F0917F /* EditDetailsViewController.swift */ = {isa = PBXFileReference; lastKnownFileType = sourcecode.swift; path = EditDetailsViewController.swift; sourceTree = "<group>"; };
		B1A80FAD258A770100F0917F /* WishList.swift */ = {isa = PBXFileReference; lastKnownFileType = sourcecode.swift; path = WishList.swift; sourceTree = "<group>"; };
		B1A80FC4258B3F9B00F0917F /* WishListService.swift */ = {isa = PBXFileReference; lastKnownFileType = sourcecode.swift; path = WishListService.swift; sourceTree = "<group>"; };
		B1A80FC8258B40D900F0917F /* AuthService.swift */ = {isa = PBXFileReference; lastKnownFileType = sourcecode.swift; path = AuthService.swift; sourceTree = "<group>"; };
		B1A80FCE258B508B00F0917F /* Share.entitlements */ = {isa = PBXFileReference; lastKnownFileType = text.plist.entitlements; path = Share.entitlements; sourceTree = "<group>"; };
		B1F81EA0263EF1F800C277FB /* GoogleService-Info-beta.plist */ = {isa = PBXFileReference; fileEncoding = 4; lastKnownFileType = text.plist.xml; path = "GoogleService-Info-beta.plist"; sourceTree = "<group>"; };
		B1F81EBE2641D40E00C277FB /* GoogleService-Info-share-prod.plist */ = {isa = PBXFileReference; fileEncoding = 4; lastKnownFileType = text.plist.xml; path = "GoogleService-Info-share-prod.plist"; sourceTree = "<group>"; };
		B1F81F112641DB4000C277FB /* Credentials.swift */ = {isa = PBXFileReference; lastKnownFileType = sourcecode.swift; path = Credentials.swift; sourceTree = "<group>"; };
		B1F81F6926430D1500C277FB /* WanticShareNavigationController.swift */ = {isa = PBXFileReference; lastKnownFileType = sourcecode.swift; path = WanticShareNavigationController.swift; sourceTree = "<group>"; };
		F117C9375DC49984BC885D82 /* Pods_Wantic.framework */ = {isa = PBXFileReference; explicitFileType = wrapper.framework; includeInIndex = 0; path = Pods_Wantic.framework; sourceTree = BUILT_PRODUCTS_DIR; };
/* End PBXFileReference section */

/* Begin PBXFrameworksBuildPhase section */
		504EC3011FED79650016851F /* Frameworks */ = {
			isa = PBXFrameworksBuildPhase;
			buildActionMask = 2147483647;
			files = (
				02B3FA8F97CCBFAEE38D116B /* Pods_Wantic.framework in Frameworks */,
			);
			runOnlyForDeploymentPostprocessing = 0;
		};
		B19A51CF2610CD8E00984207 /* Frameworks */ = {
			isa = PBXFrameworksBuildPhase;
			buildActionMask = 2147483647;
			files = (
				D90353C84B3AEE23E77B9B64 /* Pods_Wantic_Beta.framework in Frameworks */,
			);
			runOnlyForDeploymentPostprocessing = 0;
		};
		B19A52052610CE8000984207 /* Frameworks */ = {
			isa = PBXFrameworksBuildPhase;
			buildActionMask = 2147483647;
			files = (
				B19A52062610CE8000984207 /* JWTDecode in Frameworks */,
				B19A52072610CE8000984207 /* SwiftKeychainWrapper in Frameworks */,
				04D7159E0264C53817F42509 /* Pods_Share_Beta.framework in Frameworks */,
			);
			runOnlyForDeploymentPostprocessing = 0;
		};
		B1A80F812589F59800F0917F /* Frameworks */ = {
			isa = PBXFrameworksBuildPhase;
			buildActionMask = 2147483647;
			files = (
				B14880D625B30A6E00D0106B /* JWTDecode in Frameworks */,
				B1A80FC1258B3F6E00F0917F /* SwiftKeychainWrapper in Frameworks */,
				41A5DF104C372338DE008928 /* Pods_Share.framework in Frameworks */,
			);
			runOnlyForDeploymentPostprocessing = 0;
		};
/* End PBXFrameworksBuildPhase section */

/* Begin PBXGroup section */
		0716F31E2A2F37C872DE8423 /* Frameworks */ = {
			isa = PBXGroup;
			children = (
				224EA8C7F4A13B5E1D71AAA9 /* Pods_Share.framework */,
				97EFE697BDE6917534998A24 /* Pods_Share_Beta.framework */,
				F117C9375DC49984BC885D82 /* Pods_Wantic.framework */,
				7B27AB4136DB89BC062A666D /* Pods_Wantic_Beta.framework */,
			);
			name = Frameworks;
			sourceTree = "<group>";
		};
		504EC2FB1FED79650016851F = {
			isa = PBXGroup;
			children = (
				504EC3061FED79650016851F /* App */,
				B1A80F852589F59800F0917F /* Share */,
				504EC3051FED79650016851F /* Products */,
				B19A51E02610CD8E00984207 /* Wantic copy-Info.plist */,
				B19A522F2610CE8100984207 /* Share copy-Info.plist */,
				7CFF9FF8E9A94F76BFF001AF /* Pods */,
				0716F31E2A2F37C872DE8423 /* Frameworks */,
			);
			sourceTree = "<group>";
		};
		504EC3051FED79650016851F /* Products */ = {
			isa = PBXGroup;
			children = (
				504EC3041FED79650016851F /* Wantic.app */,
				B1A80F842589F59800F0917F /* Share.appex */,
				B19A51DF2610CD8E00984207 /* Wantic Beta.app */,
				B19A522E2610CE8000984207 /* Share Beta.appex */,
			);
			name = Products;
			sourceTree = "<group>";
		};
		504EC3061FED79650016851F /* App */ = {
			isa = PBXGroup;
			children = (
				B1F81E94263EF19500C277FB /* Firebase */,
				B19A531026123D3D00984207 /* Wantic Beta.entitlements */,
				B19A530926123C8D00984207 /* Wantic Beta-Info.plist */,
				B17635ED256AD3EC00AAEBB8 /* App.entitlements */,
				50379B222058CBB4000EE86E /* capacitor.config.json */,
				504EC3071FED79650016851F /* AppDelegate.swift */,
				504EC30B1FED79650016851F /* Main.storyboard */,
				504EC30E1FED79650016851F /* Assets.xcassets */,
				504EC3101FED79650016851F /* LaunchScreen.storyboard */,
				504EC3131FED79650016851F /* Info.plist */,
				2FAD9762203C412B000D30F8 /* config.xml */,
				50B271D01FEDC1A000F3C39B /* public */,
			);
			path = App;
			sourceTree = "<group>";
		};
		7CFF9FF8E9A94F76BFF001AF /* Pods */ = {
			isa = PBXGroup;
			children = (
				0FACE3CCFB1AC49FE6800C41 /* Pods-Share.debug.xcconfig */,
				73345A22E0DF0C1493B9AB3F /* Pods-Share.release.xcconfig */,
				2C4764BF868B775D38055237 /* Pods-Share Beta.debug.xcconfig */,
				4E3649D9A59B91EF69358822 /* Pods-Share Beta.release.xcconfig */,
				08306D799C7EAC0B134BF2F6 /* Pods-Wantic.debug.xcconfig */,
				7A1A1E3069FF2D518F1CD520 /* Pods-Wantic.release.xcconfig */,
				8AD091C1006C592B3EC8CF9E /* Pods-Wantic Beta.debug.xcconfig */,
				2EE753DDAFA5FADD1CA3005B /* Pods-Wantic Beta.release.xcconfig */,
			);
			path = Pods;
			sourceTree = "<group>";
		};
		B114E14425BC389000F92599 /* Fonts */ = {
			isa = PBXGroup;
			children = (
				B182B5482709BD43006B5B77 /* PlayfairDisplay */,
				B1247F9A25BC4AA4009CEF57 /* Roboto */,
			);
			path = Fonts;
			sourceTree = "<group>";
		};
		B1247F9A25BC4AA4009CEF57 /* Roboto */ = {
			isa = PBXGroup;
			children = (
				B1247FA325BC4AA5009CEF57 /* Roboto-Medium.ttf */,
				B1247F9B25BC4AA5009CEF57 /* Roboto-Light.ttf */,
				B1247FA025BC4AA5009CEF57 /* Roboto-Regular.ttf */,
				B1247F9F25BC4AA5009CEF57 /* Roboto-MediumItalic.ttf */,
				B1247FA425BC4AA5009CEF57 /* Roboto-ThinItalic.ttf */,
				B1247FA225BC4AA5009CEF57 /* Roboto-BoldItalic.ttf */,
				B1247FA625BC4AA5009CEF57 /* Roboto-LightItalic.ttf */,
				B1247F9E25BC4AA5009CEF57 /* Roboto-Italic.ttf */,
				B1247FA725BC4AA5009CEF57 /* LICENSE.txt */,
				B1247FA125BC4AA5009CEF57 /* Roboto-BlackItalic.ttf */,
				B1247FA525BC4AA5009CEF57 /* Roboto-Bold.ttf */,
				B1247F9D25BC4AA5009CEF57 /* Roboto-Thin.ttf */,
				B1247F9C25BC4AA5009CEF57 /* Roboto-Black.ttf */,
			);
			path = Roboto;
			sourceTree = "<group>";
		};
		B14880CB25B2FEDD00D0106B /* Service */ = {
			isa = PBXGroup;
			children = (
				B158951D264FCDFE005570ED /* ApiService.swift */,
				B1A80FC8258B40D900F0917F /* AuthService.swift */,
				B14880C325B2E8B700D0106B /* AlertService.swift */,
				B14880BD25B2143700D0106B /* WishDataStore.swift */,
				B1A80FC4258B3F9B00F0917F /* WishListService.swift */,
				B14880B725B20FE800D0106B /* WishService.swift */,
			);
			path = Service;
			sourceTree = "<group>";
		};
		B14880CC25B2FF0000D0106B /* Controller */ = {
			isa = PBXGroup;
			children = (
				B1A80FA7258A705100F0917F /* EditDetailsViewController.swift */,
				B148809B25B202CE00D0106B /* WishListTableViewController.swift */,
				B1247FAE25BC612C009CEF57 /* ProductImageViewController.swift */,
				B1F81F6926430D1500C277FB /* WanticShareNavigationController.swift */,
				B18F1CC426874EF800FD7528 /* WebViewController.swift */,
			);
			path = Controller;
			sourceTree = "<group>";
		};
		B14880CD25B2FF2000D0106B /* Model */ = {
			isa = PBXGroup;
			children = (
				B1F81F112641DB4000C277FB /* Credentials.swift */,
				B1589524264FD360005570ED /* HttpStatusCode.swift */,
				B148806D25AE129500D0106B /* LoginRequest.swift */,
				B148806725AE0D9500D0106B /* LoginResponse.swift */,
				B1A80F9F258A281600F0917F /* ProductInfo.swift */,
				B14880B125B20F2000D0106B /* Wish.swift */,
				B1A80FAD258A770100F0917F /* WishList.swift */,
				B16360CF25FE13DA00D19F73 /* Price.swift */,
			);
			path = Model;
			sourceTree = "<group>";
		};
		B16360D325FE1BDA00D19F73 /* Formatter */ = {
			isa = PBXGroup;
			children = (
				B16360D425FE1BF400D19F73 /* Decimal+Format.swift */,
			);
			path = Formatter;
			sourceTree = "<group>";
		};
		B16E1FC925C076E1009EEFDE /* UI */ = {
			isa = PBXGroup;
			children = (
				B17B403B25C4717E003363E9 /* FooterView.swift */,
				B16E1FB225BF3290009EEFDE /* SelfSizedTableView.swift */,
				B16E1FCA25C0770A009EEFDE /* TextFieldInnerPadding.swift */,
				B114E13425B8A56A00F92599 /* UIColorExtension.swift */,
				B12EA4D52691C4F1001654EA /* UIImageExtension.swift */,
				B1A80FA3258A2A0E00F0917F /* UIImageViewExtension.swift */,
				B14880D025B3057300D0106B /* UIViewControllerExtension.swift */,
				B1750DF325B468300023A9C9 /* UIViewExtension.swift */,
				B17B404125C482E6003363E9 /* WanticTextView.swift */,
			);
			path = UI;
			sourceTree = "<group>";
		};
		B182B5482709BD43006B5B77 /* PlayfairDisplay */ = {
			isa = PBXGroup;
			children = (
				B182B5782709BDD1006B5B77 /* PlayfairDisplay-Black.ttf */,
				B182B5752709BDCA006B5B77 /* PlayfairDisplay-BlackItalic.ttf */,
				B182B5762709BDCA006B5B77 /* PlayfairDisplay-Bold.ttf */,
				B182B5792709BDD1006B5B77 /* PlayfairDisplay-BoldItalic.ttf */,
				B182B5772709BDCA006B5B77 /* PlayfairDisplay-Italic.ttf */,
				B182B5742709BDC9006B5B77 /* PlayfairDisplay-Regular.ttf */,
			);
			path = PlayfairDisplay;
			sourceTree = "<group>";
		};
		B19A52382610D0B800984207 /* Share Beta */ = {
			isa = PBXGroup;
			children = (
				B19A52392610D11400984207 /* AppConfig.swift */,
			);
			path = "Share Beta";
			sourceTree = "<group>";
		};
		B1A80F852589F59800F0917F /* Share */ = {
			isa = PBXGroup;
			children = (
				B19A52382610D0B800984207 /* Share Beta */,
				B1F81EBC2641D40E00C277FB /* Firebase */,
				B16360D325FE1BDA00D19F73 /* Formatter */,
				B114E14425BC389000F92599 /* Fonts */,
				B14880CC25B2FF0000D0106B /* Controller */,
				B14880CD25B2FF2000D0106B /* Model */,
				B14880CB25B2FEDD00D0106B /* Service */,
				B16E1FC925C076E1009EEFDE /* UI */,
				B19A52472610D1A500984207 /* AppConfig.swift */,
				B1A80FCE258B508B00F0917F /* Share.entitlements */,
				B1A80F97258A0F5D00F0917F /* ExtensionClass.js */,
				B18F1CCB2687610D00FD7528 /* fetch-product-infos.js */,
				B1A80F882589F59800F0917F /* MainInterface.storyboard */,
				B1A80F8B2589F59800F0917F /* Info.plist */,
				B18F1CDA2688846E00FD7528 /* Share Beta-Info.plist */,
				B114E13C25BC33CF00F92599 /* Colors.xcassets */,
				B114E14025BC34F700F92599 /* Icons.xcassets */,
			);
			path = Share;
			sourceTree = "<group>";
		};
		B1F81E94263EF19500C277FB /* Firebase */ = {
			isa = PBXGroup;
			children = (
				B17629A226051F4500B1FDB7 /* GoogleService-Info-prod.plist */,
				B1F81EA0263EF1F800C277FB /* GoogleService-Info-beta.plist */,
			);
			path = Firebase;
			sourceTree = "<group>";
		};
		B1F81EBC2641D40E00C277FB /* Firebase */ = {
			isa = PBXGroup;
			children = (
				B13727A826DBC22D00E0DCF4 /* GoogleService-Info-share-beta.plist */,
				B1F81EBE2641D40E00C277FB /* GoogleService-Info-share-prod.plist */,
			);
			path = Firebase;
			sourceTree = "<group>";
		};
/* End PBXGroup section */

/* Begin PBXNativeTarget section */
		504EC3031FED79650016851F /* Wantic */ = {
			isa = PBXNativeTarget;
			buildConfigurationList = 504EC3161FED79650016851F /* Build configuration list for PBXNativeTarget "Wantic" */;
			buildPhases = (
				F0DB5040ABF7E66079FF1A12 /* [CP] Check Pods Manifest.lock */,
				504EC3001FED79650016851F /* Sources */,
				504EC3011FED79650016851F /* Frameworks */,
				504EC3021FED79650016851F /* Resources */,
				B1A80F8F2589F59800F0917F /* Embed App Extensions */,
				B1F81EB0263EF3D400C277FB /* GoogleService-Info */,
				D71F3F145FCF06FBEB19BD37 /* [CP] Embed Pods Frameworks */,
				9D67EFB1B4A12E7839C22C0B /* [CP] Copy Pods Resources */,
			);
			buildRules = (
			);
			dependencies = (
				B1A80F8D2589F59800F0917F /* PBXTargetDependency */,
			);
			name = Wantic;
			productName = App;
			productReference = 504EC3041FED79650016851F /* Wantic.app */;
			productType = "com.apple.product-type.application";
		};
		B19A51C92610CD8E00984207 /* Wantic Beta */ = {
			isa = PBXNativeTarget;
			buildConfigurationList = B19A51DC2610CD8E00984207 /* Build configuration list for PBXNativeTarget "Wantic Beta" */;
			buildPhases = (
				8C033304D85C7ABA687A88D4 /* [CP] Check Pods Manifest.lock */,
				B19A51CD2610CD8E00984207 /* Sources */,
				B19A51CF2610CD8E00984207 /* Frameworks */,
				B19A51D12610CD8E00984207 /* Resources */,
				B19A51DA2610CD8E00984207 /* Embed App Extensions */,
				B1F81EA7263EF29F00C277FB /* GoogleService-Info */,
				606876D494A26383358EAEC9 /* [CP] Embed Pods Frameworks */,
				CDE20ECF9A73B5B06DDAFAA9 /* [CP] Copy Pods Resources */,
			);
			buildRules = (
			);
			dependencies = (
				B19A52572610D4BA00984207 /* PBXTargetDependency */,
				B19A527F2610D7C800984207 /* PBXTargetDependency */,
			);
			name = "Wantic Beta";
			productName = App;
			productReference = B19A51DF2610CD8E00984207 /* Wantic Beta.app */;
			productType = "com.apple.product-type.application";
		};
		B19A51E72610CE8000984207 /* Share Beta */ = {
			isa = PBXNativeTarget;
			buildConfigurationList = B19A522B2610CE8000984207 /* Build configuration list for PBXNativeTarget "Share Beta" */;
			buildPhases = (
				0FE37892B8FA6DC45D632F28 /* [CP] Check Pods Manifest.lock */,
				B19A51ED2610CE8000984207 /* Sources */,
				B19A52052610CE8000984207 /* Frameworks */,
				B19A52092610CE8000984207 /* Resources */,
				B13727B026DBC8B400E0DCF4 /* GoogleService-Info */,
			);
			buildRules = (
			);
			dependencies = (
			);
			name = "Share Beta";
			packageProductDependencies = (
				B19A51E82610CE8000984207 /* SwiftKeychainWrapper */,
				B19A51EA2610CE8000984207 /* JWTDecode */,
			);
			productName = Share;
			productReference = B19A522E2610CE8000984207 /* Share Beta.appex */;
			productType = "com.apple.product-type.app-extension";
		};
		B1A80F832589F59800F0917F /* Share */ = {
			isa = PBXNativeTarget;
			buildConfigurationList = B1A80F922589F59800F0917F /* Build configuration list for PBXNativeTarget "Share" */;
			buildPhases = (
				7D7BD0E01D556592F282C9AB /* [CP] Check Pods Manifest.lock */,
				B1A80F802589F59800F0917F /* Sources */,
				B1A80F812589F59800F0917F /* Frameworks */,
				B1A80F822589F59800F0917F /* Resources */,
				B13727B126DD51F700E0DCF4 /* GoogleService-Info */,
			);
			buildRules = (
			);
			dependencies = (
			);
			name = Share;
			packageProductDependencies = (
				B1A80FC0258B3F6E00F0917F /* SwiftKeychainWrapper */,
				B14880D525B30A6E00D0106B /* JWTDecode */,
			);
			productName = Share;
			productReference = B1A80F842589F59800F0917F /* Share.appex */;
			productType = "com.apple.product-type.app-extension";
		};
/* End PBXNativeTarget section */

/* Begin PBXProject section */
		504EC2FC1FED79650016851F /* Project object */ = {
			isa = PBXProject;
			attributes = {
				LastSwiftUpdateCheck = 1220;
				LastUpgradeCheck = 0920;
				TargetAttributes = {
					504EC3031FED79650016851F = {
						CreatedOnToolsVersion = 9.2;
						LastSwiftMigration = 1100;
						ProvisioningStyle = Automatic;
					};
					B1A80F832589F59800F0917F = {
						CreatedOnToolsVersion = 12.2;
						ProvisioningStyle = Automatic;
					};
				};
			};
			buildConfigurationList = 504EC2FF1FED79650016851F /* Build configuration list for PBXProject "App" */;
			compatibilityVersion = "Xcode 8.0";
			developmentRegion = de;
			hasScannedForEncodings = 0;
			knownRegions = (
				de,
				Base,
			);
			mainGroup = 504EC2FB1FED79650016851F;
			packageReferences = (
				B1A80FBF258B3F6E00F0917F /* XCRemoteSwiftPackageReference "SwiftKeychainWrapper" */,
				B14880D425B30A6D00D0106B /* XCRemoteSwiftPackageReference "JWTDecode.swift" */,
			);
			productRefGroup = 504EC3051FED79650016851F /* Products */;
			projectDirPath = "";
			projectRoot = "";
			targets = (
				504EC3031FED79650016851F /* Wantic */,
				B19A51C92610CD8E00984207 /* Wantic Beta */,
				B1A80F832589F59800F0917F /* Share */,
				B19A51E72610CE8000984207 /* Share Beta */,
			);
		};
/* End PBXProject section */

/* Begin PBXResourcesBuildPhase section */
		504EC3021FED79650016851F /* Resources */ = {
			isa = PBXResourcesBuildPhase;
			buildActionMask = 2147483647;
			files = (
				504EC3121FED79650016851F /* LaunchScreen.storyboard in Resources */,
				50B271D11FEDC1A000F3C39B /* public in Resources */,
				504EC30F1FED79650016851F /* Assets.xcassets in Resources */,
				B17635EB256ABC9500AAEBB8 /* capacitor.config.json in Resources */,
				504EC30D1FED79650016851F /* Main.storyboard in Resources */,
				2FAD9763203C412B000D30F8 /* config.xml in Resources */,
				B17629A326051F4500B1FDB7 /* GoogleService-Info-prod.plist in Resources */,
			);
			runOnlyForDeploymentPostprocessing = 0;
		};
		B19A51D12610CD8E00984207 /* Resources */ = {
			isa = PBXResourcesBuildPhase;
			buildActionMask = 2147483647;
			files = (
				B19A51D22610CD8E00984207 /* LaunchScreen.storyboard in Resources */,
				B1F81EA1263EF1F800C277FB /* GoogleService-Info-beta.plist in Resources */,
				B19A51D32610CD8E00984207 /* public in Resources */,
				B19A51D42610CD8E00984207 /* Assets.xcassets in Resources */,
				B19A51D52610CD8E00984207 /* capacitor.config.json in Resources */,
				B13727AA26DBC2FE00E0DCF4 /* GoogleService-Info-share-beta.plist in Resources */,
				B19A51D62610CD8E00984207 /* Main.storyboard in Resources */,
				B19A51D72610CD8E00984207 /* config.xml in Resources */,
			);
			runOnlyForDeploymentPostprocessing = 0;
		};
		B19A52092610CE8000984207 /* Resources */ = {
			isa = PBXResourcesBuildPhase;
			buildActionMask = 2147483647;
			files = (
				B182B59C2709BE22006B5B77 /* Roboto-MediumItalic.ttf in Resources */,
				B182B59A2709BE22006B5B77 /* Roboto-ThinItalic.ttf in Resources */,
				B182B59F2709BE22006B5B77 /* Roboto-LightItalic.ttf in Resources */,
				B182B5A22709BE22006B5B77 /* Roboto-Light.ttf in Resources */,
				B19A520A2610CE8000984207 /* MainInterface.storyboard in Resources */,
				B182B5A12709BE22006B5B77 /* Roboto-Thin.ttf in Resources */,
				B182B5A02709BE22006B5B77 /* Roboto-Italic.ttf in Resources */,
				B182B59B2709BE22006B5B77 /* Roboto-Regular.ttf in Resources */,
				B182B57F2709BDD1006B5B77 /* PlayfairDisplay-Bold.ttf in Resources */,
				B182B5A52709BE22006B5B77 /* Roboto-Black.ttf in Resources */,
				B182B57D2709BDD1006B5B77 /* PlayfairDisplay-BlackItalic.ttf in Resources */,
				B182B5812709BDD1006B5B77 /* PlayfairDisplay-Italic.ttf in Resources */,
				B182B5832709BDD1006B5B77 /* PlayfairDisplay-Black.ttf in Resources */,
				B182B59D2709BE22006B5B77 /* Roboto-Medium.ttf in Resources */,
				B18F1CDC2688846E00FD7528 /* Share Beta-Info.plist in Resources */,
				B182B5A32709BE22006B5B77 /* Roboto-Bold.ttf in Resources */,
				B182B5852709BDD1006B5B77 /* PlayfairDisplay-BoldItalic.ttf in Resources */,
				B182B57B2709BDD1006B5B77 /* PlayfairDisplay-Regular.ttf in Resources */,
				B182B5A42709BE22006B5B77 /* Roboto-BlackItalic.ttf in Resources */,
				B182B59E2709BE22006B5B77 /* Roboto-BoldItalic.ttf in Resources */,
				B19A521D2610CE8000984207 /* Colors.xcassets in Resources */,
				B1F81EC22641D40E00C277FB /* GoogleService-Info-share-prod.plist in Resources */,
				B19A52232610CE8000984207 /* ExtensionClass.js in Resources */,
				B13727A926DBC22D00E0DCF4 /* GoogleService-Info-share-beta.plist in Resources */,
				B18F1CCD2687610D00FD7528 /* fetch-product-infos.js in Resources */,
				B19A522A2610CE8000984207 /* Icons.xcassets in Resources */,
			);
			runOnlyForDeploymentPostprocessing = 0;
		};
		B1A80F822589F59800F0917F /* Resources */ = {
			isa = PBXResourcesBuildPhase;
			buildActionMask = 2147483647;
			files = (
				B182B58C2709BE22006B5B77 /* Roboto-MediumItalic.ttf in Resources */,
				B182B58A2709BE22006B5B77 /* Roboto-ThinItalic.ttf in Resources */,
				B182B58F2709BE22006B5B77 /* Roboto-LightItalic.ttf in Resources */,
				B182B5922709BE22006B5B77 /* Roboto-Light.ttf in Resources */,
				B1A80F8A2589F59800F0917F /* MainInterface.storyboard in Resources */,
				B182B5912709BE22006B5B77 /* Roboto-Thin.ttf in Resources */,
				B182B5902709BE22006B5B77 /* Roboto-Italic.ttf in Resources */,
				B182B58B2709BE22006B5B77 /* Roboto-Regular.ttf in Resources */,
				B182B57E2709BDD1006B5B77 /* PlayfairDisplay-Bold.ttf in Resources */,
				B182B5952709BE22006B5B77 /* Roboto-Black.ttf in Resources */,
				B182B57C2709BDD1006B5B77 /* PlayfairDisplay-BlackItalic.ttf in Resources */,
				B182B5802709BDD1006B5B77 /* PlayfairDisplay-Italic.ttf in Resources */,
				B182B5822709BDD1006B5B77 /* PlayfairDisplay-Black.ttf in Resources */,
				B182B58D2709BE22006B5B77 /* Roboto-Medium.ttf in Resources */,
				B18F1CCC2687610D00FD7528 /* fetch-product-infos.js in Resources */,
				B182B5932709BE22006B5B77 /* Roboto-Bold.ttf in Resources */,
				B182B5842709BDD1006B5B77 /* PlayfairDisplay-BoldItalic.ttf in Resources */,
				B182B57A2709BDD1006B5B77 /* PlayfairDisplay-Regular.ttf in Resources */,
				B182B5942709BE22006B5B77 /* Roboto-BlackItalic.ttf in Resources */,
				B182B58E2709BE22006B5B77 /* Roboto-BoldItalic.ttf in Resources */,
				B1EBF5A526DBB7EA00E051D0 /* GoogleService-Info-prod.plist in Resources */,
				B114E13D25BC33CF00F92599 /* Colors.xcassets in Resources */,
				B18F1CDB2688846E00FD7528 /* Share Beta-Info.plist in Resources */,
				B1F81EC12641D40E00C277FB /* GoogleService-Info-share-prod.plist in Resources */,
				B1A80F98258A0F5D00F0917F /* ExtensionClass.js in Resources */,
				B114E14125BC34F700F92599 /* Icons.xcassets in Resources */,
			);
			runOnlyForDeploymentPostprocessing = 0;
		};
/* End PBXResourcesBuildPhase section */

/* Begin PBXShellScriptBuildPhase section */
		0FE37892B8FA6DC45D632F28 /* [CP] Check Pods Manifest.lock */ = {
			isa = PBXShellScriptBuildPhase;
			buildActionMask = 2147483647;
			files = (
			);
			inputFileListPaths = (
			);
			inputPaths = (
				"${PODS_PODFILE_DIR_PATH}/Podfile.lock",
				"${PODS_ROOT}/Manifest.lock",
			);
			name = "[CP] Check Pods Manifest.lock";
			outputFileListPaths = (
			);
			outputPaths = (
				"$(DERIVED_FILE_DIR)/Pods-Share Beta-checkManifestLockResult.txt",
			);
			runOnlyForDeploymentPostprocessing = 0;
			shellPath = /bin/sh;
			shellScript = "diff \"${PODS_PODFILE_DIR_PATH}/Podfile.lock\" \"${PODS_ROOT}/Manifest.lock\" > /dev/null\nif [ $? != 0 ] ; then\n    # print error to STDERR\n    echo \"error: The sandbox is not in sync with the Podfile.lock. Run 'pod install' or update your CocoaPods installation.\" >&2\n    exit 1\nfi\n# This output is used by Xcode 'outputs' to avoid re-running this script phase.\necho \"SUCCESS\" > \"${SCRIPT_OUTPUT_FILE_0}\"\n";
			showEnvVarsInLog = 0;
		};
		606876D494A26383358EAEC9 /* [CP] Embed Pods Frameworks */ = {
			isa = PBXShellScriptBuildPhase;
			buildActionMask = 2147483647;
			files = (
			);
			inputPaths = (
			);
			name = "[CP] Embed Pods Frameworks";
			outputPaths = (
			);
			runOnlyForDeploymentPostprocessing = 0;
			shellPath = /bin/sh;
			shellScript = "\"${PODS_ROOT}/Target Support Files/Pods-Wantic Beta/Pods-Wantic Beta-frameworks.sh\"\n";
			showEnvVarsInLog = 0;
		};
		7D7BD0E01D556592F282C9AB /* [CP] Check Pods Manifest.lock */ = {
			isa = PBXShellScriptBuildPhase;
			buildActionMask = 2147483647;
			files = (
			);
			inputFileListPaths = (
			);
			inputPaths = (
				"${PODS_PODFILE_DIR_PATH}/Podfile.lock",
				"${PODS_ROOT}/Manifest.lock",
			);
			name = "[CP] Check Pods Manifest.lock";
			outputFileListPaths = (
			);
			outputPaths = (
				"$(DERIVED_FILE_DIR)/Pods-Share-checkManifestLockResult.txt",
			);
			runOnlyForDeploymentPostprocessing = 0;
			shellPath = /bin/sh;
			shellScript = "diff \"${PODS_PODFILE_DIR_PATH}/Podfile.lock\" \"${PODS_ROOT}/Manifest.lock\" > /dev/null\nif [ $? != 0 ] ; then\n    # print error to STDERR\n    echo \"error: The sandbox is not in sync with the Podfile.lock. Run 'pod install' or update your CocoaPods installation.\" >&2\n    exit 1\nfi\n# This output is used by Xcode 'outputs' to avoid re-running this script phase.\necho \"SUCCESS\" > \"${SCRIPT_OUTPUT_FILE_0}\"\n";
			showEnvVarsInLog = 0;
		};
		8C033304D85C7ABA687A88D4 /* [CP] Check Pods Manifest.lock */ = {
			isa = PBXShellScriptBuildPhase;
			buildActionMask = 2147483647;
			files = (
			);
			inputFileListPaths = (
			);
			inputPaths = (
				"${PODS_PODFILE_DIR_PATH}/Podfile.lock",
				"${PODS_ROOT}/Manifest.lock",
			);
			name = "[CP] Check Pods Manifest.lock";
			outputFileListPaths = (
			);
			outputPaths = (
				"$(DERIVED_FILE_DIR)/Pods-Wantic Beta-checkManifestLockResult.txt",
			);
			runOnlyForDeploymentPostprocessing = 0;
			shellPath = /bin/sh;
			shellScript = "diff \"${PODS_PODFILE_DIR_PATH}/Podfile.lock\" \"${PODS_ROOT}/Manifest.lock\" > /dev/null\nif [ $? != 0 ] ; then\n    # print error to STDERR\n    echo \"error: The sandbox is not in sync with the Podfile.lock. Run 'pod install' or update your CocoaPods installation.\" >&2\n    exit 1\nfi\n# This output is used by Xcode 'outputs' to avoid re-running this script phase.\necho \"SUCCESS\" > \"${SCRIPT_OUTPUT_FILE_0}\"\n";
			showEnvVarsInLog = 0;
		};
		9D67EFB1B4A12E7839C22C0B /* [CP] Copy Pods Resources */ = {
			isa = PBXShellScriptBuildPhase;
			buildActionMask = 2147483647;
			files = (
			);
			inputPaths = (
			);
			name = "[CP] Copy Pods Resources";
			outputPaths = (
			);
			runOnlyForDeploymentPostprocessing = 0;
			shellPath = /bin/sh;
			shellScript = "\"${PODS_ROOT}/Target Support Files/Pods-Wantic/Pods-Wantic-resources.sh\"\n";
			showEnvVarsInLog = 0;
		};
		B13727B026DBC8B400E0DCF4 /* GoogleService-Info */ = {
			isa = PBXShellScriptBuildPhase;
			buildActionMask = 2147483647;
			files = (
			);
			inputFileListPaths = (
			);
			inputPaths = (
			);
			name = "GoogleService-Info";
			outputFileListPaths = (
			);
			outputPaths = (
			);
			runOnlyForDeploymentPostprocessing = 0;
			shellPath = /bin/sh;
			shellScript = "PATH_TO_GOOGLE_PLISTS=\"${PROJECT_DIR}/Share/Firebase\"\n\ncp -r \"$PATH_TO_GOOGLE_PLISTS/GoogleService-Info-share-beta.plist\" \"${BUILT_PRODUCTS_DIR}/${PRODUCT_NAME}.appex/GoogleService-Info.plist\" ;\n\n";
		};
		B13727B126DD51F700E0DCF4 /* GoogleService-Info */ = {
			isa = PBXShellScriptBuildPhase;
			buildActionMask = 2147483647;
			files = (
			);
			inputFileListPaths = (
			);
			inputPaths = (
			);
			name = "GoogleService-Info";
			outputFileListPaths = (
			);
			outputPaths = (
			);
			runOnlyForDeploymentPostprocessing = 0;
			shellPath = /bin/sh;
			shellScript = "PATH_TO_GOOGLE_PLISTS=\"${PROJECT_DIR}/Share/Firebase\"\n\ncp -r \"$PATH_TO_GOOGLE_PLISTS/GoogleService-Info-share-prod.plist\" \"${BUILT_PRODUCTS_DIR}/${PRODUCT_NAME}.appex/GoogleService-Info.plist\" ;\n";
		};
		B1F81EA7263EF29F00C277FB /* GoogleService-Info */ = {
			isa = PBXShellScriptBuildPhase;
			buildActionMask = 2147483647;
			files = (
			);
			inputFileListPaths = (
			);
			inputPaths = (
			);
			name = "GoogleService-Info";
			outputFileListPaths = (
			);
			outputPaths = (
			);
			runOnlyForDeploymentPostprocessing = 0;
			shellPath = /bin/sh;
			shellScript = "PATH_TO_GOOGLE_PLISTS=\"${PROJECT_DIR}/App/Firebase\"\n\ncp -r \"$PATH_TO_GOOGLE_PLISTS/GoogleService-Info-beta.plist\" \"${BUILT_PRODUCTS_DIR}/${PRODUCT_NAME}.app/GoogleService-Info.plist\" ;\n";
		};
		B1F81EB0263EF3D400C277FB /* GoogleService-Info */ = {
			isa = PBXShellScriptBuildPhase;
			buildActionMask = 2147483647;
			files = (
			);
			inputFileListPaths = (
			);
			inputPaths = (
			);
			name = "GoogleService-Info";
			outputFileListPaths = (
			);
			outputPaths = (
			);
			runOnlyForDeploymentPostprocessing = 0;
			shellPath = /bin/sh;
			shellScript = "PATH_TO_GOOGLE_PLISTS=\"${PROJECT_DIR}/App/Firebase\"\n\ncp -r \"$PATH_TO_GOOGLE_PLISTS/GoogleService-Info-prod.plist\" \"${BUILT_PRODUCTS_DIR}/${PRODUCT_NAME}.app/GoogleService-Info.plist\" ;\n";
		};
		CDE20ECF9A73B5B06DDAFAA9 /* [CP] Copy Pods Resources */ = {
			isa = PBXShellScriptBuildPhase;
			buildActionMask = 2147483647;
			files = (
			);
			inputPaths = (
			);
			name = "[CP] Copy Pods Resources";
			outputPaths = (
			);
			runOnlyForDeploymentPostprocessing = 0;
			shellPath = /bin/sh;
			shellScript = "\"${PODS_ROOT}/Target Support Files/Pods-Wantic Beta/Pods-Wantic Beta-resources.sh\"\n";
			showEnvVarsInLog = 0;
		};
		D71F3F145FCF06FBEB19BD37 /* [CP] Embed Pods Frameworks */ = {
			isa = PBXShellScriptBuildPhase;
			buildActionMask = 2147483647;
			files = (
			);
			inputPaths = (
			);
			name = "[CP] Embed Pods Frameworks";
			outputPaths = (
			);
			runOnlyForDeploymentPostprocessing = 0;
			shellPath = /bin/sh;
			shellScript = "\"${PODS_ROOT}/Target Support Files/Pods-Wantic/Pods-Wantic-frameworks.sh\"\n";
			showEnvVarsInLog = 0;
		};
		F0DB5040ABF7E66079FF1A12 /* [CP] Check Pods Manifest.lock */ = {
			isa = PBXShellScriptBuildPhase;
			buildActionMask = 2147483647;
			files = (
			);
			inputFileListPaths = (
			);
			inputPaths = (
				"${PODS_PODFILE_DIR_PATH}/Podfile.lock",
				"${PODS_ROOT}/Manifest.lock",
			);
			name = "[CP] Check Pods Manifest.lock";
			outputFileListPaths = (
			);
			outputPaths = (
				"$(DERIVED_FILE_DIR)/Pods-Wantic-checkManifestLockResult.txt",
			);
			runOnlyForDeploymentPostprocessing = 0;
			shellPath = /bin/sh;
			shellScript = "diff \"${PODS_PODFILE_DIR_PATH}/Podfile.lock\" \"${PODS_ROOT}/Manifest.lock\" > /dev/null\nif [ $? != 0 ] ; then\n    # print error to STDERR\n    echo \"error: The sandbox is not in sync with the Podfile.lock. Run 'pod install' or update your CocoaPods installation.\" >&2\n    exit 1\nfi\n# This output is used by Xcode 'outputs' to avoid re-running this script phase.\necho \"SUCCESS\" > \"${SCRIPT_OUTPUT_FILE_0}\"\n";
			showEnvVarsInLog = 0;
		};
/* End PBXShellScriptBuildPhase section */

/* Begin PBXSourcesBuildPhase section */
		504EC3001FED79650016851F /* Sources */ = {
			isa = PBXSourcesBuildPhase;
			buildActionMask = 2147483647;
			files = (
				504EC3081FED79650016851F /* AppDelegate.swift in Sources */,
			);
			runOnlyForDeploymentPostprocessing = 0;
		};
		B19A51CD2610CD8E00984207 /* Sources */ = {
			isa = PBXSourcesBuildPhase;
			buildActionMask = 2147483647;
			files = (
				B19A51CE2610CD8E00984207 /* AppDelegate.swift in Sources */,
			);
			runOnlyForDeploymentPostprocessing = 0;
		};
		B19A51ED2610CE8000984207 /* Sources */ = {
			isa = PBXSourcesBuildPhase;
			buildActionMask = 2147483647;
			files = (
				B19A51EE2610CE8000984207 /* UIColorExtension.swift in Sources */,
				B19A51EF2610CE8000984207 /* WishListService.swift in Sources */,
				B1F81F132641DB4000C277FB /* Credentials.swift in Sources */,
				B19A51F02610CE8000984207 /* ProductInfo.swift in Sources */,
				B19A51F12610CE8000984207 /* SelfSizedTableView.swift in Sources */,
				B158951F264FCDFE005570ED /* ApiService.swift in Sources */,
				B1589526264FD360005570ED /* HttpStatusCode.swift in Sources */,
				B19A51F22610CE8000984207 /* AlertService.swift in Sources */,
				B19A51F32610CE8000984207 /* UIViewControllerExtension.swift in Sources */,
				B19A51F42610CE8000984207 /* AuthService.swift in Sources */,
				B19A51F52610CE8000984207 /* WishDataStore.swift in Sources */,
				B19A51F62610CE8000984207 /* Wish.swift in Sources */,
				B19A51F72610CE8000984207 /* Decimal+Format.swift in Sources */,
				B19A51F82610CE8000984207 /* UIViewExtension.swift in Sources */,
				B19A51F92610CE8000984207 /* LoginResponse.swift in Sources */,
				B19A51FA2610CE8000984207 /* WishList.swift in Sources */,
				B19A51FB2610CE8000984207 /* WishService.swift in Sources */,
				B19A51FC2610CE8000984207 /* WanticTextView.swift in Sources */,
				B19A523A2610D11400984207 /* AppConfig.swift in Sources */,
				B19A51FD2610CE8000984207 /* WishListTableViewController.swift in Sources */,
				B18F1CC626874EF800FD7528 /* WebViewController.swift in Sources */,
				B19A51FE2610CE8000984207 /* UIImageViewExtension.swift in Sources */,
				B19A51FF2610CE8000984207 /* FooterView.swift in Sources */,
				B12EA4D72691C4F1001654EA /* UIImageExtension.swift in Sources */,
				B19A52002610CE8000984207 /* ProductImageViewController.swift in Sources */,
				B1F81F6B26430D1500C277FB /* WanticShareNavigationController.swift in Sources */,
				B19A52012610CE8000984207 /* EditDetailsViewController.swift in Sources */,
				B19A52022610CE8000984207 /* Price.swift in Sources */,
				B19A52032610CE8000984207 /* LoginRequest.swift in Sources */,
				B19A52042610CE8000984207 /* TextFieldInnerPadding.swift in Sources */,
			);
			runOnlyForDeploymentPostprocessing = 0;
		};
		B1A80F802589F59800F0917F /* Sources */ = {
			isa = PBXSourcesBuildPhase;
			buildActionMask = 2147483647;
			files = (
				B114E13525B8A56A00F92599 /* UIColorExtension.swift in Sources */,
				B1A80FC5258B3F9B00F0917F /* WishListService.swift in Sources */,
				B1F81F122641DB4000C277FB /* Credentials.swift in Sources */,
				B1A80FA0258A281600F0917F /* ProductInfo.swift in Sources */,
				B16E1FB325BF3290009EEFDE /* SelfSizedTableView.swift in Sources */,
				B158951E264FCDFE005570ED /* ApiService.swift in Sources */,
				B1589525264FD360005570ED /* HttpStatusCode.swift in Sources */,
				B14880C425B2E8B700D0106B /* AlertService.swift in Sources */,
				B14880D125B3057300D0106B /* UIViewControllerExtension.swift in Sources */,
				B1A80FC9258B40D900F0917F /* AuthService.swift in Sources */,
				B14880BE25B2143700D0106B /* WishDataStore.swift in Sources */,
				B14880B225B20F2000D0106B /* Wish.swift in Sources */,
				B19A52482610D1A500984207 /* AppConfig.swift in Sources */,
				B16360D525FE1BF400D19F73 /* Decimal+Format.swift in Sources */,
				B1750DF425B468300023A9C9 /* UIViewExtension.swift in Sources */,
				B148806825AE0D9500D0106B /* LoginResponse.swift in Sources */,
				B1A80FAE258A770100F0917F /* WishList.swift in Sources */,
				B14880B825B20FE800D0106B /* WishService.swift in Sources */,
				B17B404225C482E6003363E9 /* WanticTextView.swift in Sources */,
				B148809C25B202CE00D0106B /* WishListTableViewController.swift in Sources */,
				B18F1CC526874EF800FD7528 /* WebViewController.swift in Sources */,
				B1A80FA4258A2A0E00F0917F /* UIImageViewExtension.swift in Sources */,
				B17B403C25C4717F003363E9 /* FooterView.swift in Sources */,
				B12EA4D62691C4F1001654EA /* UIImageExtension.swift in Sources */,
				B1247FAF25BC612C009CEF57 /* ProductImageViewController.swift in Sources */,
				B1F81F6A26430D1500C277FB /* WanticShareNavigationController.swift in Sources */,
				B1A80FA8258A705100F0917F /* EditDetailsViewController.swift in Sources */,
				B16360D025FE13DA00D19F73 /* Price.swift in Sources */,
				B148806E25AE129500D0106B /* LoginRequest.swift in Sources */,
				B16E1FCB25C0770A009EEFDE /* TextFieldInnerPadding.swift in Sources */,
			);
			runOnlyForDeploymentPostprocessing = 0;
		};
/* End PBXSourcesBuildPhase section */

/* Begin PBXTargetDependency section */
		B19A52572610D4BA00984207 /* PBXTargetDependency */ = {
			isa = PBXTargetDependency;
			target = B19A51E72610CE8000984207 /* Share Beta */;
			targetProxy = B19A52562610D4BA00984207 /* PBXContainerItemProxy */;
		};
		B19A527F2610D7C800984207 /* PBXTargetDependency */ = {
			isa = PBXTargetDependency;
			target = B19A51E72610CE8000984207 /* Share Beta */;
			targetProxy = B19A527E2610D7C800984207 /* PBXContainerItemProxy */;
		};
		B1A80F8D2589F59800F0917F /* PBXTargetDependency */ = {
			isa = PBXTargetDependency;
			target = B1A80F832589F59800F0917F /* Share */;
			targetProxy = B1A80F8C2589F59800F0917F /* PBXContainerItemProxy */;
		};
/* End PBXTargetDependency section */

/* Begin PBXVariantGroup section */
		504EC30B1FED79650016851F /* Main.storyboard */ = {
			isa = PBXVariantGroup;
			children = (
				504EC30C1FED79650016851F /* Base */,
			);
			name = Main.storyboard;
			sourceTree = "<group>";
		};
		504EC3101FED79650016851F /* LaunchScreen.storyboard */ = {
			isa = PBXVariantGroup;
			children = (
				504EC3111FED79650016851F /* Base */,
			);
			name = LaunchScreen.storyboard;
			sourceTree = "<group>";
		};
		B1A80F882589F59800F0917F /* MainInterface.storyboard */ = {
			isa = PBXVariantGroup;
			children = (
				B1A80F892589F59800F0917F /* Base */,
			);
			name = MainInterface.storyboard;
			sourceTree = "<group>";
		};
/* End PBXVariantGroup section */

/* Begin XCBuildConfiguration section */
		504EC3141FED79650016851F /* Debug */ = {
			isa = XCBuildConfiguration;
			buildSettings = {
				ALWAYS_SEARCH_USER_PATHS = NO;
				CLANG_ANALYZER_NONNULL = YES;
				CLANG_ANALYZER_NUMBER_OBJECT_CONVERSION = YES_AGGRESSIVE;
				CLANG_CXX_LANGUAGE_STANDARD = "gnu++14";
				CLANG_CXX_LIBRARY = "libc++";
				CLANG_ENABLE_MODULES = YES;
				CLANG_ENABLE_OBJC_ARC = YES;
				CLANG_WARN_BLOCK_CAPTURE_AUTORELEASING = YES;
				CLANG_WARN_BOOL_CONVERSION = YES;
				CLANG_WARN_COMMA = YES;
				CLANG_WARN_CONSTANT_CONVERSION = YES;
				CLANG_WARN_DIRECT_OBJC_ISA_USAGE = YES_ERROR;
				CLANG_WARN_DOCUMENTATION_COMMENTS = YES;
				CLANG_WARN_EMPTY_BODY = YES;
				CLANG_WARN_ENUM_CONVERSION = YES;
				CLANG_WARN_INFINITE_RECURSION = YES;
				CLANG_WARN_INT_CONVERSION = YES;
				CLANG_WARN_NON_LITERAL_NULL_CONVERSION = YES;
				CLANG_WARN_OBJC_LITERAL_CONVERSION = YES;
				CLANG_WARN_OBJC_ROOT_CLASS = YES_ERROR;
				CLANG_WARN_RANGE_LOOP_ANALYSIS = YES;
				CLANG_WARN_STRICT_PROTOTYPES = YES;
				CLANG_WARN_SUSPICIOUS_MOVE = YES;
				CLANG_WARN_UNGUARDED_AVAILABILITY = YES_AGGRESSIVE;
				CLANG_WARN_UNREACHABLE_CODE = YES;
				CLANG_WARN__DUPLICATE_METHOD_MATCH = YES;
				CODE_SIGN_IDENTITY = "iPhone Developer";
				COPY_PHASE_STRIP = NO;
				DEBUG_INFORMATION_FORMAT = dwarf;
				ENABLE_STRICT_OBJC_MSGSEND = YES;
				ENABLE_TESTABILITY = YES;
				GCC_C_LANGUAGE_STANDARD = gnu11;
				GCC_DYNAMIC_NO_PIC = NO;
				GCC_NO_COMMON_BLOCKS = YES;
				GCC_OPTIMIZATION_LEVEL = 0;
				GCC_PREPROCESSOR_DEFINITIONS = (
					"DEBUG=1",
					"$(inherited)",
				);
				GCC_WARN_64_TO_32_BIT_CONVERSION = YES;
				GCC_WARN_ABOUT_RETURN_TYPE = YES_ERROR;
				GCC_WARN_UNDECLARED_SELECTOR = YES;
				GCC_WARN_UNINITIALIZED_AUTOS = YES_AGGRESSIVE;
				GCC_WARN_UNUSED_FUNCTION = YES;
				GCC_WARN_UNUSED_VARIABLE = YES;
				IPHONEOS_DEPLOYMENT_TARGET = 11.0;
				MTL_ENABLE_DEBUG_INFO = YES;
				ONLY_ACTIVE_ARCH = YES;
				SDKROOT = iphoneos;
				SWIFT_ACTIVE_COMPILATION_CONDITIONS = DEBUG;
				SWIFT_OPTIMIZATION_LEVEL = "-Onone";
			};
			name = Debug;
		};
		504EC3151FED79650016851F /* Release */ = {
			isa = XCBuildConfiguration;
			buildSettings = {
				ALWAYS_SEARCH_USER_PATHS = NO;
				CLANG_ANALYZER_NONNULL = YES;
				CLANG_ANALYZER_NUMBER_OBJECT_CONVERSION = YES_AGGRESSIVE;
				CLANG_CXX_LANGUAGE_STANDARD = "gnu++14";
				CLANG_CXX_LIBRARY = "libc++";
				CLANG_ENABLE_MODULES = YES;
				CLANG_ENABLE_OBJC_ARC = YES;
				CLANG_WARN_BLOCK_CAPTURE_AUTORELEASING = YES;
				CLANG_WARN_BOOL_CONVERSION = YES;
				CLANG_WARN_COMMA = YES;
				CLANG_WARN_CONSTANT_CONVERSION = YES;
				CLANG_WARN_DIRECT_OBJC_ISA_USAGE = YES_ERROR;
				CLANG_WARN_DOCUMENTATION_COMMENTS = YES;
				CLANG_WARN_EMPTY_BODY = YES;
				CLANG_WARN_ENUM_CONVERSION = YES;
				CLANG_WARN_INFINITE_RECURSION = YES;
				CLANG_WARN_INT_CONVERSION = YES;
				CLANG_WARN_NON_LITERAL_NULL_CONVERSION = YES;
				CLANG_WARN_OBJC_LITERAL_CONVERSION = YES;
				CLANG_WARN_OBJC_ROOT_CLASS = YES_ERROR;
				CLANG_WARN_RANGE_LOOP_ANALYSIS = YES;
				CLANG_WARN_STRICT_PROTOTYPES = YES;
				CLANG_WARN_SUSPICIOUS_MOVE = YES;
				CLANG_WARN_UNGUARDED_AVAILABILITY = YES_AGGRESSIVE;
				CLANG_WARN_UNREACHABLE_CODE = YES;
				CLANG_WARN__DUPLICATE_METHOD_MATCH = YES;
				CODE_SIGN_IDENTITY = "iPhone Developer";
				COPY_PHASE_STRIP = NO;
				DEBUG_INFORMATION_FORMAT = "dwarf-with-dsym";
				ENABLE_NS_ASSERTIONS = NO;
				ENABLE_STRICT_OBJC_MSGSEND = YES;
				GCC_C_LANGUAGE_STANDARD = gnu11;
				GCC_NO_COMMON_BLOCKS = YES;
				GCC_WARN_64_TO_32_BIT_CONVERSION = YES;
				GCC_WARN_ABOUT_RETURN_TYPE = YES_ERROR;
				GCC_WARN_UNDECLARED_SELECTOR = YES;
				GCC_WARN_UNINITIALIZED_AUTOS = YES_AGGRESSIVE;
				GCC_WARN_UNUSED_FUNCTION = YES;
				GCC_WARN_UNUSED_VARIABLE = YES;
				IPHONEOS_DEPLOYMENT_TARGET = 11.0;
				MTL_ENABLE_DEBUG_INFO = NO;
				SDKROOT = iphoneos;
				SWIFT_COMPILATION_MODE = wholemodule;
				SWIFT_OPTIMIZATION_LEVEL = "-O";
				VALIDATE_PRODUCT = YES;
			};
			name = Release;
		};
		504EC3171FED79650016851F /* Debug */ = {
			isa = XCBuildConfiguration;
			baseConfigurationReference = 08306D799C7EAC0B134BF2F6 /* Pods-Wantic.debug.xcconfig */;
			buildSettings = {
				ALWAYS_EMBED_SWIFT_STANDARD_LIBRARIES = YES;
				ASSETCATALOG_COMPILER_APPICON_NAME = AppIcon;
				CODE_SIGN_ENTITLEMENTS = App/App.entitlements;
				CODE_SIGN_STYLE = Automatic;
				CURRENT_PROJECT_VERSION = 20210830.1;
				DEVELOPMENT_TEAM = 3LDV8B8SZ2;
				INFOPLIST_FILE = App/Info.plist;
				IPHONEOS_DEPLOYMENT_TARGET = 11.0;
				LD_RUNPATH_SEARCH_PATHS = (
					"$(inherited)",
					"@executable_path/Frameworks",
				);
				MARKETING_VERSION = 1.2.1;
				OTHER_SWIFT_FLAGS = "$(inherited) \"-D\" \"COCOAPODS\" \"-DDEBUG\"";
				PRODUCT_BUNDLE_IDENTIFIER = io.wantic.app;
				PRODUCT_NAME = "$(TARGET_NAME)";
				SWIFT_ACTIVE_COMPILATION_CONDITIONS = "DEBUG USE_PUSH";
				SWIFT_VERSION = 5.0;
				TARGETED_DEVICE_FAMILY = 1;
			};
			name = Debug;
		};
		504EC3181FED79650016851F /* Release */ = {
			isa = XCBuildConfiguration;
			baseConfigurationReference = 7A1A1E3069FF2D518F1CD520 /* Pods-Wantic.release.xcconfig */;
			buildSettings = {
				ALWAYS_EMBED_SWIFT_STANDARD_LIBRARIES = YES;
				ASSETCATALOG_COMPILER_APPICON_NAME = AppIcon;
				CODE_SIGN_ENTITLEMENTS = App/App.entitlements;
				CODE_SIGN_STYLE = Automatic;
				CURRENT_PROJECT_VERSION = 20210830.1;
				DEVELOPMENT_TEAM = 3LDV8B8SZ2;
				INFOPLIST_FILE = App/Info.plist;
				IPHONEOS_DEPLOYMENT_TARGET = 11.0;
				LD_RUNPATH_SEARCH_PATHS = (
					"$(inherited)",
					"@executable_path/Frameworks",
				);
				MARKETING_VERSION = 1.2.1;
				PRODUCT_BUNDLE_IDENTIFIER = io.wantic.app;
				PRODUCT_NAME = "$(TARGET_NAME)";
				SWIFT_ACTIVE_COMPILATION_CONDITIONS = USE_PUSH;
				SWIFT_VERSION = 5.0;
				TARGETED_DEVICE_FAMILY = 1;
			};
			name = Release;
		};
		B19A51DD2610CD8E00984207 /* Debug */ = {
			isa = XCBuildConfiguration;
			baseConfigurationReference = 8AD091C1006C592B3EC8CF9E /* Pods-Wantic Beta.debug.xcconfig */;
			buildSettings = {
				ALWAYS_EMBED_SWIFT_STANDARD_LIBRARIES = YES;
				ASSETCATALOG_COMPILER_APPICON_NAME = AppIconBeta;
				CODE_SIGN_ENTITLEMENTS = "App/Wantic Beta.entitlements";
				CODE_SIGN_STYLE = Automatic;
				CURRENT_PROJECT_VERSION = 20211003.1;
				DEVELOPMENT_TEAM = 3LDV8B8SZ2;
				INFOPLIST_FILE = "App/Wantic Beta-Info.plist";
				IPHONEOS_DEPLOYMENT_TARGET = 11.0;
				LD_RUNPATH_SEARCH_PATHS = (
					"$(inherited)",
					"@executable_path/Frameworks",
				);
				MARKETING_VERSION = 1.3.0;
				OTHER_SWIFT_FLAGS = "$(inherited) \"-D\" \"COCOAPODS\" \"-DDEBUG\"";
				PRODUCT_BUNDLE_IDENTIFIER = "io.wantic.app-beta";
				PRODUCT_NAME = "$(TARGET_NAME)";
				SWIFT_ACTIVE_COMPILATION_CONDITIONS = "DEBUG USE_PUSH";
				SWIFT_VERSION = 5.0;
				TARGETED_DEVICE_FAMILY = 1;
			};
			name = Debug;
		};
		B19A51DE2610CD8E00984207 /* Release */ = {
			isa = XCBuildConfiguration;
			baseConfigurationReference = 2EE753DDAFA5FADD1CA3005B /* Pods-Wantic Beta.release.xcconfig */;
			buildSettings = {
				ALWAYS_EMBED_SWIFT_STANDARD_LIBRARIES = YES;
				ASSETCATALOG_COMPILER_APPICON_NAME = AppIconBeta;
				CODE_SIGN_ENTITLEMENTS = "App/Wantic Beta.entitlements";
				CODE_SIGN_STYLE = Automatic;
				CURRENT_PROJECT_VERSION = 20211003.1;
				DEVELOPMENT_TEAM = 3LDV8B8SZ2;
				INFOPLIST_FILE = "App/Wantic Beta-Info.plist";
				IPHONEOS_DEPLOYMENT_TARGET = 11.0;
				LD_RUNPATH_SEARCH_PATHS = (
					"$(inherited)",
					"@executable_path/Frameworks",
				);
				MARKETING_VERSION = 1.3.0;
				PRODUCT_BUNDLE_IDENTIFIER = "io.wantic.app-beta";
				PRODUCT_NAME = "$(TARGET_NAME)";
				SWIFT_ACTIVE_COMPILATION_CONDITIONS = USE_PUSH;
				SWIFT_VERSION = 5.0;
				TARGETED_DEVICE_FAMILY = 1;
			};
			name = Release;
		};
		B19A522C2610CE8000984207 /* Debug */ = {
			isa = XCBuildConfiguration;
			baseConfigurationReference = 2C4764BF868B775D38055237 /* Pods-Share Beta.debug.xcconfig */;
			buildSettings = {
				CLANG_ENABLE_OBJC_WEAK = YES;
				CLANG_WARN_DEPRECATED_OBJC_IMPLEMENTATIONS = YES;
				CLANG_WARN_OBJC_IMPLICIT_RETAIN_SELF = YES;
				CLANG_WARN_QUOTED_INCLUDE_IN_FRAMEWORK_HEADER = YES;
				CODE_SIGN_ENTITLEMENTS = Share/Share.entitlements;
				CODE_SIGN_STYLE = Automatic;
				CURRENT_PROJECT_VERSION = 20211003.1;
				DEVELOPMENT_TEAM = 3LDV8B8SZ2;
				INFOPLIST_FILE = "Share/Share Beta-Info.plist";
				IPHONEOS_DEPLOYMENT_TARGET = 11.0;
				LD_RUNPATH_SEARCH_PATHS = (
					"$(inherited)",
					"@executable_path/Frameworks",
					"@executable_path/../../Frameworks",
				);
				MARKETING_VERSION = 1.3.0;
				MTL_ENABLE_DEBUG_INFO = INCLUDE_SOURCE;
				MTL_FAST_MATH = YES;
				PRODUCT_BUNDLE_IDENTIFIER = "io.wantic.app-beta.share";
				PRODUCT_NAME = "$(TARGET_NAME)";
				SKIP_INSTALL = YES;
				SWIFT_VERSION = 5.0;
				TARGETED_DEVICE_FAMILY = 1;
			};
			name = Debug;
		};
		B19A522D2610CE8000984207 /* Release */ = {
			isa = XCBuildConfiguration;
			baseConfigurationReference = 4E3649D9A59B91EF69358822 /* Pods-Share Beta.release.xcconfig */;
			buildSettings = {
				CLANG_ENABLE_OBJC_WEAK = YES;
				CLANG_WARN_DEPRECATED_OBJC_IMPLEMENTATIONS = YES;
				CLANG_WARN_OBJC_IMPLICIT_RETAIN_SELF = YES;
				CLANG_WARN_QUOTED_INCLUDE_IN_FRAMEWORK_HEADER = YES;
				CODE_SIGN_ENTITLEMENTS = Share/Share.entitlements;
				CODE_SIGN_STYLE = Automatic;
				CURRENT_PROJECT_VERSION = 20211003.1;
				DEVELOPMENT_TEAM = 3LDV8B8SZ2;
				INFOPLIST_FILE = "Share/Share Beta-Info.plist";
				IPHONEOS_DEPLOYMENT_TARGET = 11.0;
				LD_RUNPATH_SEARCH_PATHS = (
					"$(inherited)",
					"@executable_path/Frameworks",
					"@executable_path/../../Frameworks",
				);
				MARKETING_VERSION = 1.3.0;
				MTL_FAST_MATH = YES;
				PRODUCT_BUNDLE_IDENTIFIER = "io.wantic.app-beta.share";
				PRODUCT_NAME = "$(TARGET_NAME)";
				SKIP_INSTALL = YES;
				SWIFT_VERSION = 5.0;
				TARGETED_DEVICE_FAMILY = 1;
			};
			name = Release;
		};
		B1A80F902589F59800F0917F /* Debug */ = {
			isa = XCBuildConfiguration;
			baseConfigurationReference = 0FACE3CCFB1AC49FE6800C41 /* Pods-Share.debug.xcconfig */;
			buildSettings = {
				CLANG_ENABLE_OBJC_WEAK = YES;
				CLANG_WARN_DEPRECATED_OBJC_IMPLEMENTATIONS = YES;
				CLANG_WARN_OBJC_IMPLICIT_RETAIN_SELF = YES;
				CLANG_WARN_QUOTED_INCLUDE_IN_FRAMEWORK_HEADER = YES;
				CODE_SIGN_ENTITLEMENTS = Share/Share.entitlements;
				CODE_SIGN_STYLE = Automatic;
				CURRENT_PROJECT_VERSION = 20210830.1;
				DEVELOPMENT_TEAM = 3LDV8B8SZ2;
				INFOPLIST_FILE = Share/Info.plist;
				IPHONEOS_DEPLOYMENT_TARGET = 11.0;
				LD_RUNPATH_SEARCH_PATHS = (
					"$(inherited)",
					"@executable_path/Frameworks",
					"@executable_path/../../Frameworks",
				);
				MARKETING_VERSION = 1.2.1;
				MTL_ENABLE_DEBUG_INFO = INCLUDE_SOURCE;
				MTL_FAST_MATH = YES;
				PRODUCT_BUNDLE_IDENTIFIER = io.wantic.app.share;
				PRODUCT_NAME = "$(TARGET_NAME)";
				SKIP_INSTALL = YES;
				SWIFT_VERSION = 5.0;
				TARGETED_DEVICE_FAMILY = 1;
			};
			name = Debug;
		};
		B1A80F912589F59800F0917F /* Release */ = {
			isa = XCBuildConfiguration;
			baseConfigurationReference = 73345A22E0DF0C1493B9AB3F /* Pods-Share.release.xcconfig */;
			buildSettings = {
				CLANG_ENABLE_OBJC_WEAK = YES;
				CLANG_WARN_DEPRECATED_OBJC_IMPLEMENTATIONS = YES;
				CLANG_WARN_OBJC_IMPLICIT_RETAIN_SELF = YES;
				CLANG_WARN_QUOTED_INCLUDE_IN_FRAMEWORK_HEADER = YES;
				CODE_SIGN_ENTITLEMENTS = Share/Share.entitlements;
				CODE_SIGN_STYLE = Automatic;
				CURRENT_PROJECT_VERSION = 20210830.1;
				DEVELOPMENT_TEAM = 3LDV8B8SZ2;
				INFOPLIST_FILE = Share/Info.plist;
				IPHONEOS_DEPLOYMENT_TARGET = 11.0;
				LD_RUNPATH_SEARCH_PATHS = (
					"$(inherited)",
					"@executable_path/Frameworks",
					"@executable_path/../../Frameworks",
				);
				MARKETING_VERSION = 1.2.1;
				MTL_FAST_MATH = YES;
				PRODUCT_BUNDLE_IDENTIFIER = io.wantic.app.share;
				PRODUCT_NAME = "$(TARGET_NAME)";
				SKIP_INSTALL = YES;
				SWIFT_VERSION = 5.0;
				TARGETED_DEVICE_FAMILY = 1;
			};
			name = Release;
		};
/* End XCBuildConfiguration section */

/* Begin XCConfigurationList section */
		504EC2FF1FED79650016851F /* Build configuration list for PBXProject "App" */ = {
			isa = XCConfigurationList;
			buildConfigurations = (
				504EC3141FED79650016851F /* Debug */,
				504EC3151FED79650016851F /* Release */,
			);
			defaultConfigurationIsVisible = 0;
			defaultConfigurationName = Release;
		};
		504EC3161FED79650016851F /* Build configuration list for PBXNativeTarget "Wantic" */ = {
			isa = XCConfigurationList;
			buildConfigurations = (
				504EC3171FED79650016851F /* Debug */,
				504EC3181FED79650016851F /* Release */,
			);
			defaultConfigurationIsVisible = 0;
			defaultConfigurationName = Release;
		};
		B19A51DC2610CD8E00984207 /* Build configuration list for PBXNativeTarget "Wantic Beta" */ = {
			isa = XCConfigurationList;
			buildConfigurations = (
				B19A51DD2610CD8E00984207 /* Debug */,
				B19A51DE2610CD8E00984207 /* Release */,
			);
			defaultConfigurationIsVisible = 0;
			defaultConfigurationName = Release;
		};
		B19A522B2610CE8000984207 /* Build configuration list for PBXNativeTarget "Share Beta" */ = {
			isa = XCConfigurationList;
			buildConfigurations = (
				B19A522C2610CE8000984207 /* Debug */,
				B19A522D2610CE8000984207 /* Release */,
			);
			defaultConfigurationIsVisible = 0;
			defaultConfigurationName = Release;
		};
		B1A80F922589F59800F0917F /* Build configuration list for PBXNativeTarget "Share" */ = {
			isa = XCConfigurationList;
			buildConfigurations = (
				B1A80F902589F59800F0917F /* Debug */,
				B1A80F912589F59800F0917F /* Release */,
			);
			defaultConfigurationIsVisible = 0;
			defaultConfigurationName = Release;
		};
/* End XCConfigurationList section */

/* Begin XCRemoteSwiftPackageReference section */
		B14880D425B30A6D00D0106B /* XCRemoteSwiftPackageReference "JWTDecode.swift" */ = {
			isa = XCRemoteSwiftPackageReference;
			repositoryURL = "https://github.com/auth0/JWTDecode.swift.git";
			requirement = {
				kind = upToNextMajorVersion;
				minimumVersion = 2.5.0;
			};
		};
		B19A51E92610CE8000984207 /* XCRemoteSwiftPackageReference "SwiftKeychainWrapper" */ = {
			isa = XCRemoteSwiftPackageReference;
			repositoryURL = "https://github.com/jrendel/SwiftKeychainWrapper";
			requirement = {
				kind = upToNextMajorVersion;
				minimumVersion = 4.0.1;
			};
		};
		B19A51EB2610CE8000984207 /* XCRemoteSwiftPackageReference "JWTDecode.swift" */ = {
			isa = XCRemoteSwiftPackageReference;
			repositoryURL = "https://github.com/auth0/JWTDecode.swift.git";
			requirement = {
				kind = upToNextMajorVersion;
				minimumVersion = 2.5.0;
			};
		};
		B1A80FBF258B3F6E00F0917F /* XCRemoteSwiftPackageReference "SwiftKeychainWrapper" */ = {
			isa = XCRemoteSwiftPackageReference;
			repositoryURL = "https://github.com/jrendel/SwiftKeychainWrapper";
			requirement = {
				kind = upToNextMajorVersion;
				minimumVersion = 4.0.1;
			};
		};
/* End XCRemoteSwiftPackageReference section */

/* Begin XCSwiftPackageProductDependency section */
		B14880D525B30A6E00D0106B /* JWTDecode */ = {
			isa = XCSwiftPackageProductDependency;
			package = B14880D425B30A6D00D0106B /* XCRemoteSwiftPackageReference "JWTDecode.swift" */;
			productName = JWTDecode;
		};
		B19A51E82610CE8000984207 /* SwiftKeychainWrapper */ = {
			isa = XCSwiftPackageProductDependency;
			package = B19A51E92610CE8000984207 /* XCRemoteSwiftPackageReference "SwiftKeychainWrapper" */;
			productName = SwiftKeychainWrapper;
		};
		B19A51EA2610CE8000984207 /* JWTDecode */ = {
			isa = XCSwiftPackageProductDependency;
			package = B19A51EB2610CE8000984207 /* XCRemoteSwiftPackageReference "JWTDecode.swift" */;
			productName = JWTDecode;
		};
		B1A80FC0258B3F6E00F0917F /* SwiftKeychainWrapper */ = {
			isa = XCSwiftPackageProductDependency;
			package = B1A80FBF258B3F6E00F0917F /* XCRemoteSwiftPackageReference "SwiftKeychainWrapper" */;
			productName = SwiftKeychainWrapper;
		};
/* End XCSwiftPackageProductDependency section */
	};
	rootObject = 504EC2FC1FED79650016851F /* Project object */;
}
