// !$*UTF8*$!
{
	archiveVersion = 1;
	classes = {
	};
	objectVersion = 52;
	objects = {

/* Begin PBXBuildFile section */
		2DE7EDD385414433C7FCCD67 /* Pods_Wantic.framework in Frameworks */ = {isa = PBXBuildFile; fileRef = C97BED73FFF1D804E0CD9DA7 /* Pods_Wantic.framework */; };
		2FAD9763203C412B000D30F8 /* config.xml in Resources */ = {isa = PBXBuildFile; fileRef = 2FAD9762203C412B000D30F8 /* config.xml */; };
		504EC3081FED79650016851F /* AppDelegate.swift in Sources */ = {isa = PBXBuildFile; fileRef = 504EC3071FED79650016851F /* AppDelegate.swift */; };
		504EC30D1FED79650016851F /* Main.storyboard in Resources */ = {isa = PBXBuildFile; fileRef = 504EC30B1FED79650016851F /* Main.storyboard */; };
		504EC30F1FED79650016851F /* Assets.xcassets in Resources */ = {isa = PBXBuildFile; fileRef = 504EC30E1FED79650016851F /* Assets.xcassets */; };
		504EC3121FED79650016851F /* LaunchScreen.storyboard in Resources */ = {isa = PBXBuildFile; fileRef = 504EC3101FED79650016851F /* LaunchScreen.storyboard */; };
		50B271D11FEDC1A000F3C39B /* public in Resources */ = {isa = PBXBuildFile; fileRef = 50B271D01FEDC1A000F3C39B /* public */; };
		B114E13525B8A56A00F92599 /* UIColorExtension.swift in Sources */ = {isa = PBXBuildFile; fileRef = B114E13425B8A56A00F92599 /* UIColorExtension.swift */; };
		B114E13D25BC33CF00F92599 /* Colors.xcassets in Resources */ = {isa = PBXBuildFile; fileRef = B114E13C25BC33CF00F92599 /* Colors.xcassets */; };
		B114E14125BC34F700F92599 /* Icons.xcassets in Resources */ = {isa = PBXBuildFile; fileRef = B114E14025BC34F700F92599 /* Icons.xcassets */; };
		B114E15725BC38AA00F92599 /* PlayfairDisplay-VariableFont_wght.ttf in Resources */ = {isa = PBXBuildFile; fileRef = B114E14625BC38AA00F92599 /* PlayfairDisplay-VariableFont_wght.ttf */; };
		B114E15825BC38AA00F92599 /* PlayfairDisplay-Bold.ttf in Resources */ = {isa = PBXBuildFile; fileRef = B114E14825BC38AA00F92599 /* PlayfairDisplay-Bold.ttf */; };
		B114E15925BC38AA00F92599 /* PlayfairDisplay-SemiBold.ttf in Resources */ = {isa = PBXBuildFile; fileRef = B114E14925BC38AA00F92599 /* PlayfairDisplay-SemiBold.ttf */; };
		B114E15A25BC38AA00F92599 /* PlayfairDisplay-Medium.ttf in Resources */ = {isa = PBXBuildFile; fileRef = B114E14A25BC38AA00F92599 /* PlayfairDisplay-Medium.ttf */; };
		B114E15B25BC38AA00F92599 /* PlayfairDisplay-BoldItalic.ttf in Resources */ = {isa = PBXBuildFile; fileRef = B114E14B25BC38AA00F92599 /* PlayfairDisplay-BoldItalic.ttf */; };
		B114E15C25BC38AA00F92599 /* PlayfairDisplay-ExtraBoldItalic.ttf in Resources */ = {isa = PBXBuildFile; fileRef = B114E14C25BC38AA00F92599 /* PlayfairDisplay-ExtraBoldItalic.ttf */; };
		B114E15D25BC38AA00F92599 /* PlayfairDisplay-Italic.ttf in Resources */ = {isa = PBXBuildFile; fileRef = B114E14D25BC38AA00F92599 /* PlayfairDisplay-Italic.ttf */; };
		B114E15E25BC38AA00F92599 /* PlayfairDisplay-Regular.ttf in Resources */ = {isa = PBXBuildFile; fileRef = B114E14E25BC38AA00F92599 /* PlayfairDisplay-Regular.ttf */; };
		B114E15F25BC38AA00F92599 /* PlayfairDisplay-Black.ttf in Resources */ = {isa = PBXBuildFile; fileRef = B114E14F25BC38AA00F92599 /* PlayfairDisplay-Black.ttf */; };
		B114E16025BC38AA00F92599 /* PlayfairDisplay-SemiBoldItalic.ttf in Resources */ = {isa = PBXBuildFile; fileRef = B114E15025BC38AA00F92599 /* PlayfairDisplay-SemiBoldItalic.ttf */; };
		B114E16125BC38AA00F92599 /* PlayfairDisplay-MediumItalic.ttf in Resources */ = {isa = PBXBuildFile; fileRef = B114E15125BC38AA00F92599 /* PlayfairDisplay-MediumItalic.ttf */; };
		B114E16225BC38AA00F92599 /* PlayfairDisplay-BlackItalic.ttf in Resources */ = {isa = PBXBuildFile; fileRef = B114E15225BC38AA00F92599 /* PlayfairDisplay-BlackItalic.ttf */; };
		B114E16325BC38AA00F92599 /* PlayfairDisplay-ExtraBold.ttf in Resources */ = {isa = PBXBuildFile; fileRef = B114E15325BC38AA00F92599 /* PlayfairDisplay-ExtraBold.ttf */; };
		B114E16425BC38AA00F92599 /* OFL.txt in Resources */ = {isa = PBXBuildFile; fileRef = B114E15425BC38AA00F92599 /* OFL.txt */; };
		B114E16525BC38AA00F92599 /* README.txt in Resources */ = {isa = PBXBuildFile; fileRef = B114E15525BC38AA00F92599 /* README.txt */; };
		B114E16625BC38AA00F92599 /* PlayfairDisplay-Italic-VariableFont_wght.ttf in Resources */ = {isa = PBXBuildFile; fileRef = B114E15625BC38AA00F92599 /* PlayfairDisplay-Italic-VariableFont_wght.ttf */; };
		B1247F8B25BC4A9C009CEF57 /* Roboto-Medium.ttf in Resources */ = {isa = PBXBuildFile; fileRef = B1247F7E25BC4A9C009CEF57 /* Roboto-Medium.ttf */; };
		B1247F8C25BC4A9C009CEF57 /* Roboto-Light.ttf in Resources */ = {isa = PBXBuildFile; fileRef = B1247F7F25BC4A9C009CEF57 /* Roboto-Light.ttf */; };
		B1247F8D25BC4A9C009CEF57 /* Roboto-Regular.ttf in Resources */ = {isa = PBXBuildFile; fileRef = B1247F8025BC4A9C009CEF57 /* Roboto-Regular.ttf */; };
		B1247F8E25BC4A9C009CEF57 /* Roboto-MediumItalic.ttf in Resources */ = {isa = PBXBuildFile; fileRef = B1247F8125BC4A9C009CEF57 /* Roboto-MediumItalic.ttf */; };
		B1247F8F25BC4A9C009CEF57 /* Roboto-ThinItalic.ttf in Resources */ = {isa = PBXBuildFile; fileRef = B1247F8225BC4A9C009CEF57 /* Roboto-ThinItalic.ttf */; };
		B1247F9025BC4A9C009CEF57 /* Roboto-BoldItalic.ttf in Resources */ = {isa = PBXBuildFile; fileRef = B1247F8325BC4A9C009CEF57 /* Roboto-BoldItalic.ttf */; };
		B1247F9125BC4A9C009CEF57 /* Roboto-LightItalic.ttf in Resources */ = {isa = PBXBuildFile; fileRef = B1247F8425BC4A9C009CEF57 /* Roboto-LightItalic.ttf */; };
		B1247F9225BC4A9C009CEF57 /* Roboto-Italic.ttf in Resources */ = {isa = PBXBuildFile; fileRef = B1247F8525BC4A9C009CEF57 /* Roboto-Italic.ttf */; };
		B1247F9325BC4A9C009CEF57 /* LICENSE.txt in Resources */ = {isa = PBXBuildFile; fileRef = B1247F8625BC4A9C009CEF57 /* LICENSE.txt */; };
		B1247F9425BC4A9C009CEF57 /* Roboto-BlackItalic.ttf in Resources */ = {isa = PBXBuildFile; fileRef = B1247F8725BC4A9C009CEF57 /* Roboto-BlackItalic.ttf */; };
		B1247F9525BC4A9C009CEF57 /* Roboto-Bold.ttf in Resources */ = {isa = PBXBuildFile; fileRef = B1247F8825BC4A9C009CEF57 /* Roboto-Bold.ttf */; };
		B1247F9625BC4A9C009CEF57 /* Roboto-Thin.ttf in Resources */ = {isa = PBXBuildFile; fileRef = B1247F8925BC4A9C009CEF57 /* Roboto-Thin.ttf */; };
		B1247F9725BC4A9C009CEF57 /* Roboto-Black.ttf in Resources */ = {isa = PBXBuildFile; fileRef = B1247F8A25BC4A9C009CEF57 /* Roboto-Black.ttf */; };
		B1247FAF25BC612C009CEF57 /* ProductImageViewController.swift in Sources */ = {isa = PBXBuildFile; fileRef = B1247FAE25BC612C009CEF57 /* ProductImageViewController.swift */; };
		B148806825AE0D9500D0106B /* LoginResponse.swift in Sources */ = {isa = PBXBuildFile; fileRef = B148806725AE0D9500D0106B /* LoginResponse.swift */; };
		B148806E25AE129500D0106B /* LoginRequest.swift in Sources */ = {isa = PBXBuildFile; fileRef = B148806D25AE129500D0106B /* LoginRequest.swift */; };
		B148809C25B202CE00D0106B /* WishListTableViewController.swift in Sources */ = {isa = PBXBuildFile; fileRef = B148809B25B202CE00D0106B /* WishListTableViewController.swift */; };
		B14880B225B20F2000D0106B /* Wish.swift in Sources */ = {isa = PBXBuildFile; fileRef = B14880B125B20F2000D0106B /* Wish.swift */; };
		B14880B825B20FE800D0106B /* WishService.swift in Sources */ = {isa = PBXBuildFile; fileRef = B14880B725B20FE800D0106B /* WishService.swift */; };
		B14880BE25B2143700D0106B /* WishDataStore.swift in Sources */ = {isa = PBXBuildFile; fileRef = B14880BD25B2143700D0106B /* WishDataStore.swift */; };
		B14880C425B2E8B700D0106B /* ToastService.swift in Sources */ = {isa = PBXBuildFile; fileRef = B14880C325B2E8B700D0106B /* ToastService.swift */; };
		B14880D125B3057300D0106B /* UIViewControllerExtension.swift in Sources */ = {isa = PBXBuildFile; fileRef = B14880D025B3057300D0106B /* UIViewControllerExtension.swift */; };
		B14880D625B30A6E00D0106B /* JWTDecode in Frameworks */ = {isa = PBXBuildFile; productRef = B14880D525B30A6E00D0106B /* JWTDecode */; };
		B16E1FB325BF3290009EEFDE /* SelfSizedTableView.swift in Sources */ = {isa = PBXBuildFile; fileRef = B16E1FB225BF3290009EEFDE /* SelfSizedTableView.swift */; };
		B16E1FCB25C0770A009EEFDE /* TextFieldInnerPadding.swift in Sources */ = {isa = PBXBuildFile; fileRef = B16E1FCA25C0770A009EEFDE /* TextFieldInnerPadding.swift */; };
		B1750DF425B468300023A9C9 /* UIViewExtension.swift in Sources */ = {isa = PBXBuildFile; fileRef = B1750DF325B468300023A9C9 /* UIViewExtension.swift */; };
		B17635EB256ABC9500AAEBB8 /* capacitor.config.json in Resources */ = {isa = PBXBuildFile; fileRef = 50379B222058CBB4000EE86E /* capacitor.config.json */; };
		B17B403C25C4717F003363E9 /* FooterView.swift in Sources */ = {isa = PBXBuildFile; fileRef = B17B403B25C4717E003363E9 /* FooterView.swift */; };
		B17B404225C482E6003363E9 /* WanticTextView.swift in Sources */ = {isa = PBXBuildFile; fileRef = B17B404125C482E6003363E9 /* WanticTextView.swift */; };
		B1A80F8A2589F59800F0917F /* MainInterface.storyboard in Resources */ = {isa = PBXBuildFile; fileRef = B1A80F882589F59800F0917F /* MainInterface.storyboard */; };
		B1A80F8E2589F59800F0917F /* Share.appex in Embed App Extensions */ = {isa = PBXBuildFile; fileRef = B1A80F842589F59800F0917F /* Share.appex */; settings = {ATTRIBUTES = (RemoveHeadersOnCopy, ); }; };
		B1A80F98258A0F5D00F0917F /* ExtensionClass.js in Resources */ = {isa = PBXBuildFile; fileRef = B1A80F97258A0F5D00F0917F /* ExtensionClass.js */; };
		B1A80FA0258A281600F0917F /* ProductInfo.swift in Sources */ = {isa = PBXBuildFile; fileRef = B1A80F9F258A281600F0917F /* ProductInfo.swift */; };
		B1A80FA4258A2A0E00F0917F /* UIImageViewExtension.swift in Sources */ = {isa = PBXBuildFile; fileRef = B1A80FA3258A2A0E00F0917F /* UIImageViewExtension.swift */; };
		B1A80FA8258A705100F0917F /* EditDetailsViewController.swift in Sources */ = {isa = PBXBuildFile; fileRef = B1A80FA7258A705100F0917F /* EditDetailsViewController.swift */; };
		B1A80FAE258A770100F0917F /* WishList.swift in Sources */ = {isa = PBXBuildFile; fileRef = B1A80FAD258A770100F0917F /* WishList.swift */; };
		B1A80FBC258A8A7900F0917F /* checkmark.jpg in Resources */ = {isa = PBXBuildFile; fileRef = B1A80FBB258A8A7900F0917F /* checkmark.jpg */; };
		B1A80FC1258B3F6E00F0917F /* SwiftKeychainWrapper in Frameworks */ = {isa = PBXBuildFile; productRef = B1A80FC0258B3F6E00F0917F /* SwiftKeychainWrapper */; };
		B1A80FC5258B3F9B00F0917F /* WishListService.swift in Sources */ = {isa = PBXBuildFile; fileRef = B1A80FC4258B3F9B00F0917F /* WishListService.swift */; };
		B1A80FC9258B40D900F0917F /* AuthService.swift in Sources */ = {isa = PBXBuildFile; fileRef = B1A80FC8258B40D900F0917F /* AuthService.swift */; };
/* End PBXBuildFile section */

/* Begin PBXContainerItemProxy section */
		B1A80F8C2589F59800F0917F /* PBXContainerItemProxy */ = {
			isa = PBXContainerItemProxy;
			containerPortal = 504EC2FC1FED79650016851F /* Project object */;
			proxyType = 1;
			remoteGlobalIDString = B1A80F832589F59800F0917F;
			remoteInfo = Share;
		};
/* End PBXContainerItemProxy section */

/* Begin PBXCopyFilesBuildPhase section */
		B1A80F8F2589F59800F0917F /* Embed App Extensions */ = {
			isa = PBXCopyFilesBuildPhase;
			buildActionMask = 2147483647;
			dstPath = "";
			dstSubfolderSpec = 13;
			files = (
				B1A80F8E2589F59800F0917F /* Share.appex in Embed App Extensions */,
			);
			name = "Embed App Extensions";
			runOnlyForDeploymentPostprocessing = 0;
		};
/* End PBXCopyFilesBuildPhase section */

/* Begin PBXFileReference section */
		17D85D5CDA2B73E69A9F19BF /* Pods-Wantic.debug.xcconfig */ = {isa = PBXFileReference; includeInIndex = 1; lastKnownFileType = text.xcconfig; name = "Pods-Wantic.debug.xcconfig"; path = "Pods/Target Support Files/Pods-Wantic/Pods-Wantic.debug.xcconfig"; sourceTree = "<group>"; };
		2FAD9762203C412B000D30F8 /* config.xml */ = {isa = PBXFileReference; lastKnownFileType = text.xml; path = config.xml; sourceTree = "<group>"; };
		50379B222058CBB4000EE86E /* capacitor.config.json */ = {isa = PBXFileReference; fileEncoding = 4; lastKnownFileType = text.json; path = capacitor.config.json; sourceTree = "<group>"; };
		504EC3041FED79650016851F /* Wantic.app */ = {isa = PBXFileReference; explicitFileType = wrapper.application; includeInIndex = 0; path = Wantic.app; sourceTree = BUILT_PRODUCTS_DIR; };
		504EC3071FED79650016851F /* AppDelegate.swift */ = {isa = PBXFileReference; lastKnownFileType = sourcecode.swift; path = AppDelegate.swift; sourceTree = "<group>"; };
		504EC30C1FED79650016851F /* Base */ = {isa = PBXFileReference; lastKnownFileType = file.storyboard; name = Base; path = Base.lproj/Main.storyboard; sourceTree = "<group>"; };
		504EC30E1FED79650016851F /* Assets.xcassets */ = {isa = PBXFileReference; lastKnownFileType = folder.assetcatalog; path = Assets.xcassets; sourceTree = "<group>"; };
		504EC3111FED79650016851F /* Base */ = {isa = PBXFileReference; lastKnownFileType = file.storyboard; name = Base; path = Base.lproj/LaunchScreen.storyboard; sourceTree = "<group>"; };
		504EC3131FED79650016851F /* Info.plist */ = {isa = PBXFileReference; lastKnownFileType = text.plist.xml; path = Info.plist; sourceTree = "<group>"; };
		50B271D01FEDC1A000F3C39B /* public */ = {isa = PBXFileReference; lastKnownFileType = folder; path = public; sourceTree = SOURCE_ROOT; };
		A0F80432FF2FC51BAC14E157 /* Pods-Wantic.release.xcconfig */ = {isa = PBXFileReference; includeInIndex = 1; lastKnownFileType = text.xcconfig; name = "Pods-Wantic.release.xcconfig"; path = "Pods/Target Support Files/Pods-Wantic/Pods-Wantic.release.xcconfig"; sourceTree = "<group>"; };
		AF51FD2D460BCFE21FA515B2 /* Pods-App.release.xcconfig */ = {isa = PBXFileReference; includeInIndex = 1; lastKnownFileType = text.xcconfig; name = "Pods-App.release.xcconfig"; path = "Pods/Target Support Files/Pods-App/Pods-App.release.xcconfig"; sourceTree = "<group>"; };
		B114E13425B8A56A00F92599 /* UIColorExtension.swift */ = {isa = PBXFileReference; lastKnownFileType = sourcecode.swift; path = UIColorExtension.swift; sourceTree = "<group>"; };
		B114E13C25BC33CF00F92599 /* Colors.xcassets */ = {isa = PBXFileReference; lastKnownFileType = folder.assetcatalog; path = Colors.xcassets; sourceTree = "<group>"; };
		B114E14025BC34F700F92599 /* Icons.xcassets */ = {isa = PBXFileReference; lastKnownFileType = folder.assetcatalog; path = Icons.xcassets; sourceTree = "<group>"; };
		B114E14625BC38AA00F92599 /* PlayfairDisplay-VariableFont_wght.ttf */ = {isa = PBXFileReference; lastKnownFileType = file; path = "PlayfairDisplay-VariableFont_wght.ttf"; sourceTree = "<group>"; };
		B114E14825BC38AA00F92599 /* PlayfairDisplay-Bold.ttf */ = {isa = PBXFileReference; lastKnownFileType = file; path = "PlayfairDisplay-Bold.ttf"; sourceTree = "<group>"; };
		B114E14925BC38AA00F92599 /* PlayfairDisplay-SemiBold.ttf */ = {isa = PBXFileReference; lastKnownFileType = file; path = "PlayfairDisplay-SemiBold.ttf"; sourceTree = "<group>"; };
		B114E14A25BC38AA00F92599 /* PlayfairDisplay-Medium.ttf */ = {isa = PBXFileReference; lastKnownFileType = file; path = "PlayfairDisplay-Medium.ttf"; sourceTree = "<group>"; };
		B114E14B25BC38AA00F92599 /* PlayfairDisplay-BoldItalic.ttf */ = {isa = PBXFileReference; lastKnownFileType = file; path = "PlayfairDisplay-BoldItalic.ttf"; sourceTree = "<group>"; };
		B114E14C25BC38AA00F92599 /* PlayfairDisplay-ExtraBoldItalic.ttf */ = {isa = PBXFileReference; lastKnownFileType = file; path = "PlayfairDisplay-ExtraBoldItalic.ttf"; sourceTree = "<group>"; };
		B114E14D25BC38AA00F92599 /* PlayfairDisplay-Italic.ttf */ = {isa = PBXFileReference; lastKnownFileType = file; path = "PlayfairDisplay-Italic.ttf"; sourceTree = "<group>"; };
		B114E14E25BC38AA00F92599 /* PlayfairDisplay-Regular.ttf */ = {isa = PBXFileReference; lastKnownFileType = file; path = "PlayfairDisplay-Regular.ttf"; sourceTree = "<group>"; };
		B114E14F25BC38AA00F92599 /* PlayfairDisplay-Black.ttf */ = {isa = PBXFileReference; lastKnownFileType = file; path = "PlayfairDisplay-Black.ttf"; sourceTree = "<group>"; };
		B114E15025BC38AA00F92599 /* PlayfairDisplay-SemiBoldItalic.ttf */ = {isa = PBXFileReference; lastKnownFileType = file; path = "PlayfairDisplay-SemiBoldItalic.ttf"; sourceTree = "<group>"; };
		B114E15125BC38AA00F92599 /* PlayfairDisplay-MediumItalic.ttf */ = {isa = PBXFileReference; lastKnownFileType = file; path = "PlayfairDisplay-MediumItalic.ttf"; sourceTree = "<group>"; };
		B114E15225BC38AA00F92599 /* PlayfairDisplay-BlackItalic.ttf */ = {isa = PBXFileReference; lastKnownFileType = file; path = "PlayfairDisplay-BlackItalic.ttf"; sourceTree = "<group>"; };
		B114E15325BC38AA00F92599 /* PlayfairDisplay-ExtraBold.ttf */ = {isa = PBXFileReference; lastKnownFileType = file; path = "PlayfairDisplay-ExtraBold.ttf"; sourceTree = "<group>"; };
		B114E15425BC38AA00F92599 /* OFL.txt */ = {isa = PBXFileReference; fileEncoding = 4; lastKnownFileType = text; path = OFL.txt; sourceTree = "<group>"; };
		B114E15525BC38AA00F92599 /* README.txt */ = {isa = PBXFileReference; fileEncoding = 4; lastKnownFileType = text; path = README.txt; sourceTree = "<group>"; };
		B114E15625BC38AA00F92599 /* PlayfairDisplay-Italic-VariableFont_wght.ttf */ = {isa = PBXFileReference; lastKnownFileType = file; path = "PlayfairDisplay-Italic-VariableFont_wght.ttf"; sourceTree = "<group>"; };
		B1247F7E25BC4A9C009CEF57 /* Roboto-Medium.ttf */ = {isa = PBXFileReference; lastKnownFileType = file; path = "Roboto-Medium.ttf"; sourceTree = "<group>"; };
		B1247F7F25BC4A9C009CEF57 /* Roboto-Light.ttf */ = {isa = PBXFileReference; lastKnownFileType = file; path = "Roboto-Light.ttf"; sourceTree = "<group>"; };
		B1247F8025BC4A9C009CEF57 /* Roboto-Regular.ttf */ = {isa = PBXFileReference; lastKnownFileType = file; path = "Roboto-Regular.ttf"; sourceTree = "<group>"; };
		B1247F8125BC4A9C009CEF57 /* Roboto-MediumItalic.ttf */ = {isa = PBXFileReference; lastKnownFileType = file; path = "Roboto-MediumItalic.ttf"; sourceTree = "<group>"; };
		B1247F8225BC4A9C009CEF57 /* Roboto-ThinItalic.ttf */ = {isa = PBXFileReference; lastKnownFileType = file; path = "Roboto-ThinItalic.ttf"; sourceTree = "<group>"; };
		B1247F8325BC4A9C009CEF57 /* Roboto-BoldItalic.ttf */ = {isa = PBXFileReference; lastKnownFileType = file; path = "Roboto-BoldItalic.ttf"; sourceTree = "<group>"; };
		B1247F8425BC4A9C009CEF57 /* Roboto-LightItalic.ttf */ = {isa = PBXFileReference; lastKnownFileType = file; path = "Roboto-LightItalic.ttf"; sourceTree = "<group>"; };
		B1247F8525BC4A9C009CEF57 /* Roboto-Italic.ttf */ = {isa = PBXFileReference; lastKnownFileType = file; path = "Roboto-Italic.ttf"; sourceTree = "<group>"; };
		B1247F8625BC4A9C009CEF57 /* LICENSE.txt */ = {isa = PBXFileReference; fileEncoding = 4; lastKnownFileType = text; path = LICENSE.txt; sourceTree = "<group>"; };
		B1247F8725BC4A9C009CEF57 /* Roboto-BlackItalic.ttf */ = {isa = PBXFileReference; lastKnownFileType = file; path = "Roboto-BlackItalic.ttf"; sourceTree = "<group>"; };
		B1247F8825BC4A9C009CEF57 /* Roboto-Bold.ttf */ = {isa = PBXFileReference; lastKnownFileType = file; path = "Roboto-Bold.ttf"; sourceTree = "<group>"; };
		B1247F8925BC4A9C009CEF57 /* Roboto-Thin.ttf */ = {isa = PBXFileReference; lastKnownFileType = file; path = "Roboto-Thin.ttf"; sourceTree = "<group>"; };
		B1247F8A25BC4A9C009CEF57 /* Roboto-Black.ttf */ = {isa = PBXFileReference; lastKnownFileType = file; path = "Roboto-Black.ttf"; sourceTree = "<group>"; };
		B1247F9B25BC4AA5009CEF57 /* Roboto-Light.ttf */ = {isa = PBXFileReference; lastKnownFileType = file; path = "Roboto-Light.ttf"; sourceTree = "<group>"; };
		B1247F9C25BC4AA5009CEF57 /* Roboto-Black.ttf */ = {isa = PBXFileReference; lastKnownFileType = file; path = "Roboto-Black.ttf"; sourceTree = "<group>"; };
		B1247F9D25BC4AA5009CEF57 /* Roboto-Thin.ttf */ = {isa = PBXFileReference; lastKnownFileType = file; path = "Roboto-Thin.ttf"; sourceTree = "<group>"; };
		B1247F9E25BC4AA5009CEF57 /* Roboto-Italic.ttf */ = {isa = PBXFileReference; lastKnownFileType = file; path = "Roboto-Italic.ttf"; sourceTree = "<group>"; };
		B1247F9F25BC4AA5009CEF57 /* Roboto-MediumItalic.ttf */ = {isa = PBXFileReference; lastKnownFileType = file; path = "Roboto-MediumItalic.ttf"; sourceTree = "<group>"; };
		B1247FA025BC4AA5009CEF57 /* Roboto-Regular.ttf */ = {isa = PBXFileReference; lastKnownFileType = file; path = "Roboto-Regular.ttf"; sourceTree = "<group>"; };
		B1247FA125BC4AA5009CEF57 /* Roboto-BlackItalic.ttf */ = {isa = PBXFileReference; lastKnownFileType = file; path = "Roboto-BlackItalic.ttf"; sourceTree = "<group>"; };
		B1247FA225BC4AA5009CEF57 /* Roboto-BoldItalic.ttf */ = {isa = PBXFileReference; lastKnownFileType = file; path = "Roboto-BoldItalic.ttf"; sourceTree = "<group>"; };
		B1247FA325BC4AA5009CEF57 /* Roboto-Medium.ttf */ = {isa = PBXFileReference; lastKnownFileType = file; path = "Roboto-Medium.ttf"; sourceTree = "<group>"; };
		B1247FA425BC4AA5009CEF57 /* Roboto-ThinItalic.ttf */ = {isa = PBXFileReference; lastKnownFileType = file; path = "Roboto-ThinItalic.ttf"; sourceTree = "<group>"; };
		B1247FA525BC4AA5009CEF57 /* Roboto-Bold.ttf */ = {isa = PBXFileReference; lastKnownFileType = file; path = "Roboto-Bold.ttf"; sourceTree = "<group>"; };
		B1247FA625BC4AA5009CEF57 /* Roboto-LightItalic.ttf */ = {isa = PBXFileReference; lastKnownFileType = file; path = "Roboto-LightItalic.ttf"; sourceTree = "<group>"; };
		B1247FA725BC4AA5009CEF57 /* LICENSE.txt */ = {isa = PBXFileReference; lastKnownFileType = text; path = LICENSE.txt; sourceTree = "<group>"; };
		B1247FAE25BC612C009CEF57 /* ProductImageViewController.swift */ = {isa = PBXFileReference; lastKnownFileType = sourcecode.swift; path = ProductImageViewController.swift; sourceTree = "<group>"; };
		B148806725AE0D9500D0106B /* LoginResponse.swift */ = {isa = PBXFileReference; lastKnownFileType = sourcecode.swift; path = LoginResponse.swift; sourceTree = "<group>"; };
		B148806D25AE129500D0106B /* LoginRequest.swift */ = {isa = PBXFileReference; lastKnownFileType = sourcecode.swift; path = LoginRequest.swift; sourceTree = "<group>"; };
		B148809B25B202CE00D0106B /* WishListTableViewController.swift */ = {isa = PBXFileReference; lastKnownFileType = sourcecode.swift; path = WishListTableViewController.swift; sourceTree = "<group>"; };
		B14880B125B20F2000D0106B /* Wish.swift */ = {isa = PBXFileReference; lastKnownFileType = sourcecode.swift; path = Wish.swift; sourceTree = "<group>"; };
		B14880B725B20FE800D0106B /* WishService.swift */ = {isa = PBXFileReference; lastKnownFileType = sourcecode.swift; path = WishService.swift; sourceTree = "<group>"; };
		B14880BD25B2143700D0106B /* WishDataStore.swift */ = {isa = PBXFileReference; lastKnownFileType = sourcecode.swift; path = WishDataStore.swift; sourceTree = "<group>"; };
		B14880C325B2E8B700D0106B /* ToastService.swift */ = {isa = PBXFileReference; lastKnownFileType = sourcecode.swift; path = ToastService.swift; sourceTree = "<group>"; };
		B14880D025B3057300D0106B /* UIViewControllerExtension.swift */ = {isa = PBXFileReference; lastKnownFileType = sourcecode.swift; path = UIViewControllerExtension.swift; sourceTree = "<group>"; };
		B16E1FB225BF3290009EEFDE /* SelfSizedTableView.swift */ = {isa = PBXFileReference; lastKnownFileType = sourcecode.swift; path = SelfSizedTableView.swift; sourceTree = "<group>"; };
		B16E1FCA25C0770A009EEFDE /* TextFieldInnerPadding.swift */ = {isa = PBXFileReference; lastKnownFileType = sourcecode.swift; path = TextFieldInnerPadding.swift; sourceTree = "<group>"; };
		B1750DF325B468300023A9C9 /* UIViewExtension.swift */ = {isa = PBXFileReference; lastKnownFileType = sourcecode.swift; path = UIViewExtension.swift; sourceTree = "<group>"; };
		B17635ED256AD3EC00AAEBB8 /* App.entitlements */ = {isa = PBXFileReference; fileEncoding = 4; lastKnownFileType = text.plist.entitlements; path = App.entitlements; sourceTree = "<group>"; };
		B17B403B25C4717E003363E9 /* FooterView.swift */ = {isa = PBXFileReference; lastKnownFileType = sourcecode.swift; path = FooterView.swift; sourceTree = "<group>"; };
		B17B404125C482E6003363E9 /* WanticTextView.swift */ = {isa = PBXFileReference; lastKnownFileType = sourcecode.swift; path = WanticTextView.swift; sourceTree = "<group>"; };
		B1A80F842589F59800F0917F /* Share.appex */ = {isa = PBXFileReference; explicitFileType = "wrapper.app-extension"; includeInIndex = 0; path = Share.appex; sourceTree = BUILT_PRODUCTS_DIR; };
		B1A80F892589F59800F0917F /* Base */ = {isa = PBXFileReference; lastKnownFileType = file.storyboard; name = Base; path = Base.lproj/MainInterface.storyboard; sourceTree = "<group>"; };
		B1A80F8B2589F59800F0917F /* Info.plist */ = {isa = PBXFileReference; lastKnownFileType = text.plist.xml; path = Info.plist; sourceTree = "<group>"; };
		B1A80F97258A0F5D00F0917F /* ExtensionClass.js */ = {isa = PBXFileReference; fileEncoding = 4; lastKnownFileType = sourcecode.javascript; path = ExtensionClass.js; sourceTree = "<group>"; };
		B1A80F9F258A281600F0917F /* ProductInfo.swift */ = {isa = PBXFileReference; lastKnownFileType = sourcecode.swift; path = ProductInfo.swift; sourceTree = "<group>"; };
		B1A80FA3258A2A0E00F0917F /* UIImageViewExtension.swift */ = {isa = PBXFileReference; lastKnownFileType = sourcecode.swift; path = UIImageViewExtension.swift; sourceTree = "<group>"; };
		B1A80FA7258A705100F0917F /* EditDetailsViewController.swift */ = {isa = PBXFileReference; lastKnownFileType = sourcecode.swift; path = EditDetailsViewController.swift; sourceTree = "<group>"; };
		B1A80FAD258A770100F0917F /* WishList.swift */ = {isa = PBXFileReference; lastKnownFileType = sourcecode.swift; path = WishList.swift; sourceTree = "<group>"; };
		B1A80FBB258A8A7900F0917F /* checkmark.jpg */ = {isa = PBXFileReference; lastKnownFileType = image.jpeg; path = checkmark.jpg; sourceTree = "<group>"; };
		B1A80FC4258B3F9B00F0917F /* WishListService.swift */ = {isa = PBXFileReference; lastKnownFileType = sourcecode.swift; path = WishListService.swift; sourceTree = "<group>"; };
		B1A80FC8258B40D900F0917F /* AuthService.swift */ = {isa = PBXFileReference; lastKnownFileType = sourcecode.swift; path = AuthService.swift; sourceTree = "<group>"; };
		B1A80FCE258B508B00F0917F /* Share.entitlements */ = {isa = PBXFileReference; lastKnownFileType = text.plist.entitlements; path = Share.entitlements; sourceTree = "<group>"; };
		C97BED73FFF1D804E0CD9DA7 /* Pods_Wantic.framework */ = {isa = PBXFileReference; explicitFileType = wrapper.framework; includeInIndex = 0; path = Pods_Wantic.framework; sourceTree = BUILT_PRODUCTS_DIR; };
		FC68EB0AF532CFC21C3344DD /* Pods-App.debug.xcconfig */ = {isa = PBXFileReference; includeInIndex = 1; lastKnownFileType = text.xcconfig; name = "Pods-App.debug.xcconfig"; path = "Pods/Target Support Files/Pods-App/Pods-App.debug.xcconfig"; sourceTree = "<group>"; };
/* End PBXFileReference section */

/* Begin PBXFrameworksBuildPhase section */
		504EC3011FED79650016851F /* Frameworks */ = {
			isa = PBXFrameworksBuildPhase;
			buildActionMask = 2147483647;
			files = (
				2DE7EDD385414433C7FCCD67 /* Pods_Wantic.framework in Frameworks */,
			);
			runOnlyForDeploymentPostprocessing = 0;
		};
		B1A80F812589F59800F0917F /* Frameworks */ = {
			isa = PBXFrameworksBuildPhase;
			buildActionMask = 2147483647;
			files = (
				B14880D625B30A6E00D0106B /* JWTDecode in Frameworks */,
				B1A80FC1258B3F6E00F0917F /* SwiftKeychainWrapper in Frameworks */,
			);
			runOnlyForDeploymentPostprocessing = 0;
		};
/* End PBXFrameworksBuildPhase section */

/* Begin PBXGroup section */
		27E2DDA53C4D2A4D1A88CE4A /* Frameworks */ = {
			isa = PBXGroup;
			children = (
				C97BED73FFF1D804E0CD9DA7 /* Pods_Wantic.framework */,
			);
			name = Frameworks;
			sourceTree = "<group>";
		};
		504EC2FB1FED79650016851F = {
			isa = PBXGroup;
			children = (
				504EC3061FED79650016851F /* App */,
				B1A80F852589F59800F0917F /* Share */,
				504EC3051FED79650016851F /* Products */,
				7F8756D8B27F46E3366F6CEA /* Pods */,
				27E2DDA53C4D2A4D1A88CE4A /* Frameworks */,
			);
			sourceTree = "<group>";
		};
		504EC3051FED79650016851F /* Products */ = {
			isa = PBXGroup;
			children = (
				504EC3041FED79650016851F /* Wantic.app */,
				B1A80F842589F59800F0917F /* Share.appex */,
			);
			name = Products;
			sourceTree = "<group>";
		};
		504EC3061FED79650016851F /* App */ = {
			isa = PBXGroup;
			children = (
				B17635ED256AD3EC00AAEBB8 /* App.entitlements */,
				50379B222058CBB4000EE86E /* capacitor.config.json */,
				504EC3071FED79650016851F /* AppDelegate.swift */,
				504EC30B1FED79650016851F /* Main.storyboard */,
				504EC30E1FED79650016851F /* Assets.xcassets */,
				504EC3101FED79650016851F /* LaunchScreen.storyboard */,
				504EC3131FED79650016851F /* Info.plist */,
				2FAD9762203C412B000D30F8 /* config.xml */,
				50B271D01FEDC1A000F3C39B /* public */,
			);
			path = App;
			sourceTree = "<group>";
		};
		7F8756D8B27F46E3366F6CEA /* Pods */ = {
			isa = PBXGroup;
			children = (
				FC68EB0AF532CFC21C3344DD /* Pods-App.debug.xcconfig */,
				AF51FD2D460BCFE21FA515B2 /* Pods-App.release.xcconfig */,
				17D85D5CDA2B73E69A9F19BF /* Pods-Wantic.debug.xcconfig */,
				A0F80432FF2FC51BAC14E157 /* Pods-Wantic.release.xcconfig */,
			);
			name = Pods;
			sourceTree = "<group>";
		};
		B114E14425BC389000F92599 /* Fonts */ = {
			isa = PBXGroup;
			children = (
				B1247F9A25BC4AA4009CEF57 /* Roboto */,
				B114E14525BC38AA00F92599 /* Playfair_Display */,
			);
			path = Fonts;
			sourceTree = "<group>";
		};
		B114E14525BC38AA00F92599 /* Playfair_Display */ = {
			isa = PBXGroup;
			children = (
				B1247F7D25BC4A9C009CEF57 /* Roboto */,
				B114E14625BC38AA00F92599 /* PlayfairDisplay-VariableFont_wght.ttf */,
				B114E14725BC38AA00F92599 /* static */,
				B114E15425BC38AA00F92599 /* OFL.txt */,
				B114E15525BC38AA00F92599 /* README.txt */,
				B114E15625BC38AA00F92599 /* PlayfairDisplay-Italic-VariableFont_wght.ttf */,
			);
			name = Playfair_Display;
			path = ../../../../../../../Downloads/Playfair_Display;
			sourceTree = "<group>";
		};
		B114E14725BC38AA00F92599 /* static */ = {
			isa = PBXGroup;
			children = (
				B114E14825BC38AA00F92599 /* PlayfairDisplay-Bold.ttf */,
				B114E14925BC38AA00F92599 /* PlayfairDisplay-SemiBold.ttf */,
				B114E14A25BC38AA00F92599 /* PlayfairDisplay-Medium.ttf */,
				B114E14B25BC38AA00F92599 /* PlayfairDisplay-BoldItalic.ttf */,
				B114E14C25BC38AA00F92599 /* PlayfairDisplay-ExtraBoldItalic.ttf */,
				B114E14D25BC38AA00F92599 /* PlayfairDisplay-Italic.ttf */,
				B114E14E25BC38AA00F92599 /* PlayfairDisplay-Regular.ttf */,
				B114E14F25BC38AA00F92599 /* PlayfairDisplay-Black.ttf */,
				B114E15025BC38AA00F92599 /* PlayfairDisplay-SemiBoldItalic.ttf */,
				B114E15125BC38AA00F92599 /* PlayfairDisplay-MediumItalic.ttf */,
				B114E15225BC38AA00F92599 /* PlayfairDisplay-BlackItalic.ttf */,
				B114E15325BC38AA00F92599 /* PlayfairDisplay-ExtraBold.ttf */,
			);
			path = static;
			sourceTree = "<group>";
		};
		B1247F7D25BC4A9C009CEF57 /* Roboto */ = {
			isa = PBXGroup;
			children = (
				B1247F7E25BC4A9C009CEF57 /* Roboto-Medium.ttf */,
				B1247F7F25BC4A9C009CEF57 /* Roboto-Light.ttf */,
				B1247F8025BC4A9C009CEF57 /* Roboto-Regular.ttf */,
				B1247F8125BC4A9C009CEF57 /* Roboto-MediumItalic.ttf */,
				B1247F8225BC4A9C009CEF57 /* Roboto-ThinItalic.ttf */,
				B1247F8325BC4A9C009CEF57 /* Roboto-BoldItalic.ttf */,
				B1247F8425BC4A9C009CEF57 /* Roboto-LightItalic.ttf */,
				B1247F8525BC4A9C009CEF57 /* Roboto-Italic.ttf */,
				B1247F8625BC4A9C009CEF57 /* LICENSE.txt */,
				B1247F8725BC4A9C009CEF57 /* Roboto-BlackItalic.ttf */,
				B1247F8825BC4A9C009CEF57 /* Roboto-Bold.ttf */,
				B1247F8925BC4A9C009CEF57 /* Roboto-Thin.ttf */,
				B1247F8A25BC4A9C009CEF57 /* Roboto-Black.ttf */,
			);
			name = Roboto;
			path = ../Roboto;
			sourceTree = "<group>";
		};
		B1247F9A25BC4AA4009CEF57 /* Roboto */ = {
			isa = PBXGroup;
			children = (
				B1247FA325BC4AA5009CEF57 /* Roboto-Medium.ttf */,
				B1247F9B25BC4AA5009CEF57 /* Roboto-Light.ttf */,
				B1247FA025BC4AA5009CEF57 /* Roboto-Regular.ttf */,
				B1247F9F25BC4AA5009CEF57 /* Roboto-MediumItalic.ttf */,
				B1247FA425BC4AA5009CEF57 /* Roboto-ThinItalic.ttf */,
				B1247FA225BC4AA5009CEF57 /* Roboto-BoldItalic.ttf */,
				B1247FA625BC4AA5009CEF57 /* Roboto-LightItalic.ttf */,
				B1247F9E25BC4AA5009CEF57 /* Roboto-Italic.ttf */,
				B1247FA725BC4AA5009CEF57 /* LICENSE.txt */,
				B1247FA125BC4AA5009CEF57 /* Roboto-BlackItalic.ttf */,
				B1247FA525BC4AA5009CEF57 /* Roboto-Bold.ttf */,
				B1247F9D25BC4AA5009CEF57 /* Roboto-Thin.ttf */,
				B1247F9C25BC4AA5009CEF57 /* Roboto-Black.ttf */,
			);
			path = Roboto;
			sourceTree = "<group>";
		};
		B14880CB25B2FEDD00D0106B /* Service */ = {
			isa = PBXGroup;
			children = (
				B1A80FC8258B40D900F0917F /* AuthService.swift */,
				B14880C325B2E8B700D0106B /* ToastService.swift */,
				B14880BD25B2143700D0106B /* WishDataStore.swift */,
				B1A80FC4258B3F9B00F0917F /* WishListService.swift */,
				B14880B725B20FE800D0106B /* WishService.swift */,
			);
			path = Service;
			sourceTree = "<group>";
		};
		B14880CC25B2FF0000D0106B /* Controller */ = {
			isa = PBXGroup;
			children = (
				B1A80FA7258A705100F0917F /* EditDetailsViewController.swift */,
				B148809B25B202CE00D0106B /* WishListTableViewController.swift */,
				B1247FAE25BC612C009CEF57 /* ProductImageViewController.swift */,
			);
			path = Controller;
			sourceTree = "<group>";
		};
		B14880CD25B2FF2000D0106B /* Model */ = {
			isa = PBXGroup;
			children = (
				B148806D25AE129500D0106B /* LoginRequest.swift */,
				B148806725AE0D9500D0106B /* LoginResponse.swift */,
				B1A80F9F258A281600F0917F /* ProductInfo.swift */,
				B14880B125B20F2000D0106B /* Wish.swift */,
				B1A80FAD258A770100F0917F /* WishList.swift */,
			);
			path = Model;
			sourceTree = "<group>";
		};
		B16E1FC925C076E1009EEFDE /* UI */ = {
			isa = PBXGroup;
			children = (
				B17B403B25C4717E003363E9 /* FooterView.swift */,
				B16E1FB225BF3290009EEFDE /* SelfSizedTableView.swift */,
				B16E1FCA25C0770A009EEFDE /* TextFieldInnerPadding.swift */,
				B114E13425B8A56A00F92599 /* UIColorExtension.swift */,
				B1A80FA3258A2A0E00F0917F /* UIImageViewExtension.swift */,
				B14880D025B3057300D0106B /* UIViewControllerExtension.swift */,
				B1750DF325B468300023A9C9 /* UIViewExtension.swift */,
				B17B404125C482E6003363E9 /* WanticTextView.swift */,
			);
			path = UI;
			sourceTree = "<group>";
		};
		B1A80F852589F59800F0917F /* Share */ = {
			isa = PBXGroup;
			children = (
				B114E14425BC389000F92599 /* Fonts */,
				B14880CC25B2FF0000D0106B /* Controller */,
				B14880CD25B2FF2000D0106B /* Model */,
				B14880CB25B2FEDD00D0106B /* Service */,
				B16E1FC925C076E1009EEFDE /* UI */,
				B1A80FCE258B508B00F0917F /* Share.entitlements */,
				B1A80FBB258A8A7900F0917F /* checkmark.jpg */,
				B1A80F97258A0F5D00F0917F /* ExtensionClass.js */,
				B1A80F882589F59800F0917F /* MainInterface.storyboard */,
				B1A80F8B2589F59800F0917F /* Info.plist */,
				B114E13C25BC33CF00F92599 /* Colors.xcassets */,
				B114E14025BC34F700F92599 /* Icons.xcassets */,
			);
			path = Share;
			sourceTree = "<group>";
		};
/* End PBXGroup section */

/* Begin PBXNativeTarget section */
		504EC3031FED79650016851F /* Wantic */ = {
			isa = PBXNativeTarget;
			buildConfigurationList = 504EC3161FED79650016851F /* Build configuration list for PBXNativeTarget "Wantic" */;
			buildPhases = (
				6634F4EFEBD30273BCE97C65 /* [CP] Check Pods Manifest.lock */,
				504EC3001FED79650016851F /* Sources */,
				504EC3011FED79650016851F /* Frameworks */,
				504EC3021FED79650016851F /* Resources */,
				9592DBEFFC6D2A0C8D5DEB22 /* [CP] Embed Pods Frameworks */,
				B1A80F8F2589F59800F0917F /* Embed App Extensions */,
			);
			buildRules = (
			);
			dependencies = (
				B1A80F8D2589F59800F0917F /* PBXTargetDependency */,
			);
			name = Wantic;
			productName = App;
			productReference = 504EC3041FED79650016851F /* Wantic.app */;
			productType = "com.apple.product-type.application";
		};
		B1A80F832589F59800F0917F /* Share */ = {
			isa = PBXNativeTarget;
			buildConfigurationList = B1A80F922589F59800F0917F /* Build configuration list for PBXNativeTarget "Share" */;
			buildPhases = (
				B1A80F802589F59800F0917F /* Sources */,
				B1A80F812589F59800F0917F /* Frameworks */,
				B1A80F822589F59800F0917F /* Resources */,
			);
			buildRules = (
			);
			dependencies = (
			);
			name = Share;
			packageProductDependencies = (
				B1A80FC0258B3F6E00F0917F /* SwiftKeychainWrapper */,
				B14880D525B30A6E00D0106B /* JWTDecode */,
			);
			productName = Share;
			productReference = B1A80F842589F59800F0917F /* Share.appex */;
			productType = "com.apple.product-type.app-extension";
		};
/* End PBXNativeTarget section */

/* Begin PBXProject section */
		504EC2FC1FED79650016851F /* Project object */ = {
			isa = PBXProject;
			attributes = {
				LastSwiftUpdateCheck = 1220;
				LastUpgradeCheck = 0920;
				TargetAttributes = {
					504EC3031FED79650016851F = {
						CreatedOnToolsVersion = 9.2;
						LastSwiftMigration = 1100;
						ProvisioningStyle = Automatic;
					};
					B1A80F832589F59800F0917F = {
						CreatedOnToolsVersion = 12.2;
						ProvisioningStyle = Automatic;
					};
				};
			};
			buildConfigurationList = 504EC2FF1FED79650016851F /* Build configuration list for PBXProject "App" */;
			compatibilityVersion = "Xcode 8.0";
			developmentRegion = en;
			hasScannedForEncodings = 0;
			knownRegions = (
				en,
				Base,
			);
			mainGroup = 504EC2FB1FED79650016851F;
			packageReferences = (
				B1A80FBF258B3F6E00F0917F /* XCRemoteSwiftPackageReference "SwiftKeychainWrapper" */,
				B14880D425B30A6D00D0106B /* XCRemoteSwiftPackageReference "JWTDecode.swift" */,
			);
			productRefGroup = 504EC3051FED79650016851F /* Products */;
			projectDirPath = "";
			projectRoot = "";
			targets = (
				504EC3031FED79650016851F /* Wantic */,
				B1A80F832589F59800F0917F /* Share */,
			);
		};
/* End PBXProject section */

/* Begin PBXResourcesBuildPhase section */
		504EC3021FED79650016851F /* Resources */ = {
			isa = PBXResourcesBuildPhase;
			buildActionMask = 2147483647;
			files = (
				504EC3121FED79650016851F /* LaunchScreen.storyboard in Resources */,
				50B271D11FEDC1A000F3C39B /* public in Resources */,
				504EC30F1FED79650016851F /* Assets.xcassets in Resources */,
				B17635EB256ABC9500AAEBB8 /* capacitor.config.json in Resources */,
				504EC30D1FED79650016851F /* Main.storyboard in Resources */,
				2FAD9763203C412B000D30F8 /* config.xml in Resources */,
			);
			runOnlyForDeploymentPostprocessing = 0;
		};
		B1A80F822589F59800F0917F /* Resources */ = {
			isa = PBXResourcesBuildPhase;
			buildActionMask = 2147483647;
			files = (
				B1A80F8A2589F59800F0917F /* MainInterface.storyboard in Resources */,
				B114E15F25BC38AA00F92599 /* PlayfairDisplay-Black.ttf in Resources */,
				B1247F9125BC4A9C009CEF57 /* Roboto-LightItalic.ttf in Resources */,
				B114E16025BC38AA00F92599 /* PlayfairDisplay-SemiBoldItalic.ttf in Resources */,
				B1247F8C25BC4A9C009CEF57 /* Roboto-Light.ttf in Resources */,
				B1247F9725BC4A9C009CEF57 /* Roboto-Black.ttf in Resources */,
				B114E15825BC38AA00F92599 /* PlayfairDisplay-Bold.ttf in Resources */,
				B114E15B25BC38AA00F92599 /* PlayfairDisplay-BoldItalic.ttf in Resources */,
				B114E15D25BC38AA00F92599 /* PlayfairDisplay-Italic.ttf in Resources */,
				B114E16225BC38AA00F92599 /* PlayfairDisplay-BlackItalic.ttf in Resources */,
				B114E15C25BC38AA00F92599 /* PlayfairDisplay-ExtraBoldItalic.ttf in Resources */,
				B1247F9225BC4A9C009CEF57 /* Roboto-Italic.ttf in Resources */,
				B1247F9025BC4A9C009CEF57 /* Roboto-BoldItalic.ttf in Resources */,
				B1247F8B25BC4A9C009CEF57 /* Roboto-Medium.ttf in Resources */,
				B114E15925BC38AA00F92599 /* PlayfairDisplay-SemiBold.ttf in Resources */,
				B1247F9525BC4A9C009CEF57 /* Roboto-Bold.ttf in Resources */,
				B114E16425BC38AA00F92599 /* OFL.txt in Resources */,
				B1247F8F25BC4A9C009CEF57 /* Roboto-ThinItalic.ttf in Resources */,
				B114E15E25BC38AA00F92599 /* PlayfairDisplay-Regular.ttf in Resources */,
				B114E13D25BC33CF00F92599 /* Colors.xcassets in Resources */,
				B1247F9325BC4A9C009CEF57 /* LICENSE.txt in Resources */,
				B1247F9425BC4A9C009CEF57 /* Roboto-BlackItalic.ttf in Resources */,
				B114E16625BC38AA00F92599 /* PlayfairDisplay-Italic-VariableFont_wght.ttf in Resources */,
				B114E15A25BC38AA00F92599 /* PlayfairDisplay-Medium.ttf in Resources */,
				B1247F8E25BC4A9C009CEF57 /* Roboto-MediumItalic.ttf in Resources */,
				B1A80F98258A0F5D00F0917F /* ExtensionClass.js in Resources */,
				B114E16525BC38AA00F92599 /* README.txt in Resources */,
				B1247F9625BC4A9C009CEF57 /* Roboto-Thin.ttf in Resources */,
				B1247F8D25BC4A9C009CEF57 /* Roboto-Regular.ttf in Resources */,
				B114E16325BC38AA00F92599 /* PlayfairDisplay-ExtraBold.ttf in Resources */,
				B114E16125BC38AA00F92599 /* PlayfairDisplay-MediumItalic.ttf in Resources */,
				B1A80FBC258A8A7900F0917F /* checkmark.jpg in Resources */,
				B114E15725BC38AA00F92599 /* PlayfairDisplay-VariableFont_wght.ttf in Resources */,
				B114E14125BC34F700F92599 /* Icons.xcassets in Resources */,
			);
			runOnlyForDeploymentPostprocessing = 0;
		};
/* End PBXResourcesBuildPhase section */

/* Begin PBXShellScriptBuildPhase section */
		6634F4EFEBD30273BCE97C65 /* [CP] Check Pods Manifest.lock */ = {
			isa = PBXShellScriptBuildPhase;
			buildActionMask = 2147483647;
			files = (
			);
			inputPaths = (
				"${PODS_PODFILE_DIR_PATH}/Podfile.lock",
				"${PODS_ROOT}/Manifest.lock",
			);
			name = "[CP] Check Pods Manifest.lock";
			outputPaths = (
				"$(DERIVED_FILE_DIR)/Pods-Wantic-checkManifestLockResult.txt",
			);
			runOnlyForDeploymentPostprocessing = 0;
			shellPath = /bin/sh;
			shellScript = "diff \"${PODS_PODFILE_DIR_PATH}/Podfile.lock\" \"${PODS_ROOT}/Manifest.lock\" > /dev/null\nif [ $? != 0 ] ; then\n    # print error to STDERR\n    echo \"error: The sandbox is not in sync with the Podfile.lock. Run 'pod install' or update your CocoaPods installation.\" >&2\n    exit 1\nfi\n# This output is used by Xcode 'outputs' to avoid re-running this script phase.\necho \"SUCCESS\" > \"${SCRIPT_OUTPUT_FILE_0}\"\n";
			showEnvVarsInLog = 0;
		};
		9592DBEFFC6D2A0C8D5DEB22 /* [CP] Embed Pods Frameworks */ = {
			isa = PBXShellScriptBuildPhase;
			buildActionMask = 2147483647;
			files = (
			);
			inputFileListPaths = (
			);
			name = "[CP] Embed Pods Frameworks";
			outputFileListPaths = (
			);
			runOnlyForDeploymentPostprocessing = 0;
			shellPath = /bin/sh;
			shellScript = "\"${PODS_ROOT}/Target Support Files/Pods-Wantic/Pods-Wantic-frameworks.sh\"\n";
			showEnvVarsInLog = 0;
		};
/* End PBXShellScriptBuildPhase section */

/* Begin PBXSourcesBuildPhase section */
		504EC3001FED79650016851F /* Sources */ = {
			isa = PBXSourcesBuildPhase;
			buildActionMask = 2147483647;
			files = (
				504EC3081FED79650016851F /* AppDelegate.swift in Sources */,
			);
			runOnlyForDeploymentPostprocessing = 0;
		};
		B1A80F802589F59800F0917F /* Sources */ = {
			isa = PBXSourcesBuildPhase;
			buildActionMask = 2147483647;
			files = (
				B114E13525B8A56A00F92599 /* UIColorExtension.swift in Sources */,
				B1A80FC5258B3F9B00F0917F /* WishListService.swift in Sources */,
				B1A80FA0258A281600F0917F /* ProductInfo.swift in Sources */,
				B16E1FB325BF3290009EEFDE /* SelfSizedTableView.swift in Sources */,
				B14880C425B2E8B700D0106B /* ToastService.swift in Sources */,
				B14880D125B3057300D0106B /* UIViewControllerExtension.swift in Sources */,
				B1A80FC9258B40D900F0917F /* AuthService.swift in Sources */,
				B14880BE25B2143700D0106B /* WishDataStore.swift in Sources */,
				B14880B225B20F2000D0106B /* Wish.swift in Sources */,
				B1750DF425B468300023A9C9 /* UIViewExtension.swift in Sources */,
				B148806825AE0D9500D0106B /* LoginResponse.swift in Sources */,
				B1A80FAE258A770100F0917F /* WishList.swift in Sources */,
				B14880B825B20FE800D0106B /* WishService.swift in Sources */,
				B17B404225C482E6003363E9 /* WanticTextView.swift in Sources */,
				B148809C25B202CE00D0106B /* WishListTableViewController.swift in Sources */,
				B1A80FA4258A2A0E00F0917F /* UIImageViewExtension.swift in Sources */,
				B17B403C25C4717F003363E9 /* FooterView.swift in Sources */,
				B1247FAF25BC612C009CEF57 /* ProductImageViewController.swift in Sources */,
				B1A80FA8258A705100F0917F /* EditDetailsViewController.swift in Sources */,
				B148806E25AE129500D0106B /* LoginRequest.swift in Sources */,
				B16E1FCB25C0770A009EEFDE /* TextFieldInnerPadding.swift in Sources */,
			);
			runOnlyForDeploymentPostprocessing = 0;
		};
/* End PBXSourcesBuildPhase section */

/* Begin PBXTargetDependency section */
		B1A80F8D2589F59800F0917F /* PBXTargetDependency */ = {
			isa = PBXTargetDependency;
			target = B1A80F832589F59800F0917F /* Share */;
			targetProxy = B1A80F8C2589F59800F0917F /* PBXContainerItemProxy */;
		};
/* End PBXTargetDependency section */

/* Begin PBXVariantGroup section */
		504EC30B1FED79650016851F /* Main.storyboard */ = {
			isa = PBXVariantGroup;
			children = (
				504EC30C1FED79650016851F /* Base */,
			);
			name = Main.storyboard;
			sourceTree = "<group>";
		};
		504EC3101FED79650016851F /* LaunchScreen.storyboard */ = {
			isa = PBXVariantGroup;
			children = (
				504EC3111FED79650016851F /* Base */,
			);
			name = LaunchScreen.storyboard;
			sourceTree = "<group>";
		};
		B1A80F882589F59800F0917F /* MainInterface.storyboard */ = {
			isa = PBXVariantGroup;
			children = (
				B1A80F892589F59800F0917F /* Base */,
			);
			name = MainInterface.storyboard;
			sourceTree = "<group>";
		};
/* End PBXVariantGroup section */

/* Begin XCBuildConfiguration section */
		504EC3141FED79650016851F /* Debug */ = {
			isa = XCBuildConfiguration;
			buildSettings = {
				ALWAYS_SEARCH_USER_PATHS = NO;
				CLANG_ANALYZER_NONNULL = YES;
				CLANG_ANALYZER_NUMBER_OBJECT_CONVERSION = YES_AGGRESSIVE;
				CLANG_CXX_LANGUAGE_STANDARD = "gnu++14";
				CLANG_CXX_LIBRARY = "libc++";
				CLANG_ENABLE_MODULES = YES;
				CLANG_ENABLE_OBJC_ARC = YES;
				CLANG_WARN_BLOCK_CAPTURE_AUTORELEASING = YES;
				CLANG_WARN_BOOL_CONVERSION = YES;
				CLANG_WARN_COMMA = YES;
				CLANG_WARN_CONSTANT_CONVERSION = YES;
				CLANG_WARN_DIRECT_OBJC_ISA_USAGE = YES_ERROR;
				CLANG_WARN_DOCUMENTATION_COMMENTS = YES;
				CLANG_WARN_EMPTY_BODY = YES;
				CLANG_WARN_ENUM_CONVERSION = YES;
				CLANG_WARN_INFINITE_RECURSION = YES;
				CLANG_WARN_INT_CONVERSION = YES;
				CLANG_WARN_NON_LITERAL_NULL_CONVERSION = YES;
				CLANG_WARN_OBJC_LITERAL_CONVERSION = YES;
				CLANG_WARN_OBJC_ROOT_CLASS = YES_ERROR;
				CLANG_WARN_RANGE_LOOP_ANALYSIS = YES;
				CLANG_WARN_STRICT_PROTOTYPES = YES;
				CLANG_WARN_SUSPICIOUS_MOVE = YES;
				CLANG_WARN_UNGUARDED_AVAILABILITY = YES_AGGRESSIVE;
				CLANG_WARN_UNREACHABLE_CODE = YES;
				CLANG_WARN__DUPLICATE_METHOD_MATCH = YES;
				CODE_SIGN_IDENTITY = "iPhone Developer";
				COPY_PHASE_STRIP = NO;
				DEBUG_INFORMATION_FORMAT = dwarf;
				ENABLE_STRICT_OBJC_MSGSEND = YES;
				ENABLE_TESTABILITY = YES;
				GCC_C_LANGUAGE_STANDARD = gnu11;
				GCC_DYNAMIC_NO_PIC = NO;
				GCC_NO_COMMON_BLOCKS = YES;
				GCC_OPTIMIZATION_LEVEL = 0;
				GCC_PREPROCESSOR_DEFINITIONS = (
					"DEBUG=1",
					"$(inherited)",
				);
				GCC_WARN_64_TO_32_BIT_CONVERSION = YES;
				GCC_WARN_ABOUT_RETURN_TYPE = YES_ERROR;
				GCC_WARN_UNDECLARED_SELECTOR = YES;
				GCC_WARN_UNINITIALIZED_AUTOS = YES_AGGRESSIVE;
				GCC_WARN_UNUSED_FUNCTION = YES;
				GCC_WARN_UNUSED_VARIABLE = YES;
				IPHONEOS_DEPLOYMENT_TARGET = 11.0;
				MTL_ENABLE_DEBUG_INFO = YES;
				ONLY_ACTIVE_ARCH = YES;
				SDKROOT = iphoneos;
				SWIFT_ACTIVE_COMPILATION_CONDITIONS = DEBUG;
				SWIFT_OPTIMIZATION_LEVEL = "-Onone";
			};
			name = Debug;
		};
		504EC3151FED79650016851F /* Release */ = {
			isa = XCBuildConfiguration;
			buildSettings = {
				ALWAYS_SEARCH_USER_PATHS = NO;
				CLANG_ANALYZER_NONNULL = YES;
				CLANG_ANALYZER_NUMBER_OBJECT_CONVERSION = YES_AGGRESSIVE;
				CLANG_CXX_LANGUAGE_STANDARD = "gnu++14";
				CLANG_CXX_LIBRARY = "libc++";
				CLANG_ENABLE_MODULES = YES;
				CLANG_ENABLE_OBJC_ARC = YES;
				CLANG_WARN_BLOCK_CAPTURE_AUTORELEASING = YES;
				CLANG_WARN_BOOL_CONVERSION = YES;
				CLANG_WARN_COMMA = YES;
				CLANG_WARN_CONSTANT_CONVERSION = YES;
				CLANG_WARN_DIRECT_OBJC_ISA_USAGE = YES_ERROR;
				CLANG_WARN_DOCUMENTATION_COMMENTS = YES;
				CLANG_WARN_EMPTY_BODY = YES;
				CLANG_WARN_ENUM_CONVERSION = YES;
				CLANG_WARN_INFINITE_RECURSION = YES;
				CLANG_WARN_INT_CONVERSION = YES;
				CLANG_WARN_NON_LITERAL_NULL_CONVERSION = YES;
				CLANG_WARN_OBJC_LITERAL_CONVERSION = YES;
				CLANG_WARN_OBJC_ROOT_CLASS = YES_ERROR;
				CLANG_WARN_RANGE_LOOP_ANALYSIS = YES;
				CLANG_WARN_STRICT_PROTOTYPES = YES;
				CLANG_WARN_SUSPICIOUS_MOVE = YES;
				CLANG_WARN_UNGUARDED_AVAILABILITY = YES_AGGRESSIVE;
				CLANG_WARN_UNREACHABLE_CODE = YES;
				CLANG_WARN__DUPLICATE_METHOD_MATCH = YES;
				CODE_SIGN_IDENTITY = "iPhone Developer";
				COPY_PHASE_STRIP = NO;
				DEBUG_INFORMATION_FORMAT = "dwarf-with-dsym";
				ENABLE_NS_ASSERTIONS = NO;
				ENABLE_STRICT_OBJC_MSGSEND = YES;
				GCC_C_LANGUAGE_STANDARD = gnu11;
				GCC_NO_COMMON_BLOCKS = YES;
				GCC_WARN_64_TO_32_BIT_CONVERSION = YES;
				GCC_WARN_ABOUT_RETURN_TYPE = YES_ERROR;
				GCC_WARN_UNDECLARED_SELECTOR = YES;
				GCC_WARN_UNINITIALIZED_AUTOS = YES_AGGRESSIVE;
				GCC_WARN_UNUSED_FUNCTION = YES;
				GCC_WARN_UNUSED_VARIABLE = YES;
				IPHONEOS_DEPLOYMENT_TARGET = 11.0;
				MTL_ENABLE_DEBUG_INFO = NO;
				SDKROOT = iphoneos;
				SWIFT_COMPILATION_MODE = wholemodule;
				SWIFT_OPTIMIZATION_LEVEL = "-O";
				VALIDATE_PRODUCT = YES;
			};
			name = Release;
		};
		504EC3171FED79650016851F /* Debug */ = {
			isa = XCBuildConfiguration;
			baseConfigurationReference = 17D85D5CDA2B73E69A9F19BF /* Pods-Wantic.debug.xcconfig */;
			buildSettings = {
				ALWAYS_EMBED_SWIFT_STANDARD_LIBRARIES = YES;
				ASSETCATALOG_COMPILER_APPICON_NAME = AppIcon;
				CODE_SIGN_ENTITLEMENTS = App/App.entitlements;
				CODE_SIGN_STYLE = Automatic;
				CURRENT_PROJECT_VERSION = 20210117.1;
				DEVELOPMENT_TEAM = 3LDV8B8SZ2;
				INFOPLIST_FILE = App/Info.plist;
				IPHONEOS_DEPLOYMENT_TARGET = 11.0;
				LD_RUNPATH_SEARCH_PATHS = (
					"$(inherited)",
					"@executable_path/Frameworks",
				);
				MARKETING_VERSION = 1.0.0;
				OTHER_SWIFT_FLAGS = "$(inherited) \"-D\" \"COCOAPODS\" \"-DDEBUG\"";
				PRODUCT_BUNDLE_IDENTIFIER = io.wantic.app;
				PRODUCT_NAME = "$(TARGET_NAME)";
				SWIFT_ACTIVE_COMPILATION_CONDITIONS = "DEBUG USE_PUSH";
				SWIFT_VERSION = 5.0;
				TARGETED_DEVICE_FAMILY = "1,2";
			};
			name = Debug;
		};
		504EC3181FED79650016851F /* Release */ = {
			isa = XCBuildConfiguration;
			baseConfigurationReference = A0F80432FF2FC51BAC14E157 /* Pods-Wantic.release.xcconfig */;
			buildSettings = {
				ALWAYS_EMBED_SWIFT_STANDARD_LIBRARIES = YES;
				ASSETCATALOG_COMPILER_APPICON_NAME = AppIcon;
				CODE_SIGN_ENTITLEMENTS = App/App.entitlements;
				CODE_SIGN_STYLE = Automatic;
				CURRENT_PROJECT_VERSION = 20210117.1;
				DEVELOPMENT_TEAM = 3LDV8B8SZ2;
				INFOPLIST_FILE = App/Info.plist;
				IPHONEOS_DEPLOYMENT_TARGET = 11.0;
				LD_RUNPATH_SEARCH_PATHS = (
					"$(inherited)",
					"@executable_path/Frameworks",
				);
				MARKETING_VERSION = 1.0.0;
				PRODUCT_BUNDLE_IDENTIFIER = io.wantic.app;
				PRODUCT_NAME = "$(TARGET_NAME)";
				SWIFT_ACTIVE_COMPILATION_CONDITIONS = USE_PUSH;
				SWIFT_VERSION = 5.0;
				TARGETED_DEVICE_FAMILY = "1,2";
			};
			name = Release;
		};
		B1A80F902589F59800F0917F /* Debug */ = {
			isa = XCBuildConfiguration;
			buildSettings = {
				CLANG_ENABLE_OBJC_WEAK = YES;
				CLANG_WARN_DEPRECATED_OBJC_IMPLEMENTATIONS = YES;
				CLANG_WARN_OBJC_IMPLICIT_RETAIN_SELF = YES;
				CLANG_WARN_QUOTED_INCLUDE_IN_FRAMEWORK_HEADER = YES;
				CODE_SIGN_ENTITLEMENTS = Share/Share.entitlements;
				CODE_SIGN_STYLE = Automatic;
				CURRENT_PROJECT_VERSION = 20210117.1;
				DEVELOPMENT_TEAM = 3LDV8B8SZ2;
				INFOPLIST_FILE = Share/Info.plist;
				IPHONEOS_DEPLOYMENT_TARGET = 11.0;
				LD_RUNPATH_SEARCH_PATHS = (
					"$(inherited)",
					"@executable_path/Frameworks",
					"@executable_path/../../Frameworks",
				);
				MARKETING_VERSION = 1.0.0;
				MTL_ENABLE_DEBUG_INFO = INCLUDE_SOURCE;
				MTL_FAST_MATH = YES;
				PRODUCT_BUNDLE_IDENTIFIER = io.wantic.app.share;
				PRODUCT_NAME = "$(TARGET_NAME)";
				SKIP_INSTALL = YES;
				SWIFT_VERSION = 5.0;
				TARGETED_DEVICE_FAMILY = "1,2";
			};
			name = Debug;
		};
		B1A80F912589F59800F0917F /* Release */ = {
			isa = XCBuildConfiguration;
			buildSettings = {
				CLANG_ENABLE_OBJC_WEAK = YES;
				CLANG_WARN_DEPRECATED_OBJC_IMPLEMENTATIONS = YES;
				CLANG_WARN_OBJC_IMPLICIT_RETAIN_SELF = YES;
				CLANG_WARN_QUOTED_INCLUDE_IN_FRAMEWORK_HEADER = YES;
				CODE_SIGN_ENTITLEMENTS = Share/Share.entitlements;
				CODE_SIGN_STYLE = Automatic;
				CURRENT_PROJECT_VERSION = 20210117.1;
				DEVELOPMENT_TEAM = 3LDV8B8SZ2;
				INFOPLIST_FILE = Share/Info.plist;
				IPHONEOS_DEPLOYMENT_TARGET = 11.0;
				LD_RUNPATH_SEARCH_PATHS = (
					"$(inherited)",
					"@executable_path/Frameworks",
					"@executable_path/../../Frameworks",
				);
				MARKETING_VERSION = 1.0.0;
				MTL_FAST_MATH = YES;
				PRODUCT_BUNDLE_IDENTIFIER = io.wantic.app.share;
				PRODUCT_NAME = "$(TARGET_NAME)";
				SKIP_INSTALL = YES;
				SWIFT_VERSION = 5.0;
				TARGETED_DEVICE_FAMILY = "1,2";
			};
			name = Release;
		};
/* End XCBuildConfiguration section */

/* Begin XCConfigurationList section */
		504EC2FF1FED79650016851F /* Build configuration list for PBXProject "App" */ = {
			isa = XCConfigurationList;
			buildConfigurations = (
				504EC3141FED79650016851F /* Debug */,
				504EC3151FED79650016851F /* Release */,
			);
			defaultConfigurationIsVisible = 0;
			defaultConfigurationName = Release;
		};
		504EC3161FED79650016851F /* Build configuration list for PBXNativeTarget "Wantic" */ = {
			isa = XCConfigurationList;
			buildConfigurations = (
				504EC3171FED79650016851F /* Debug */,
				504EC3181FED79650016851F /* Release */,
			);
			defaultConfigurationIsVisible = 0;
			defaultConfigurationName = Release;
		};
		B1A80F922589F59800F0917F /* Build configuration list for PBXNativeTarget "Share" */ = {
			isa = XCConfigurationList;
			buildConfigurations = (
				B1A80F902589F59800F0917F /* Debug */,
				B1A80F912589F59800F0917F /* Release */,
			);
			defaultConfigurationIsVisible = 0;
			defaultConfigurationName = Release;
		};
/* End XCConfigurationList section */

/* Begin XCRemoteSwiftPackageReference section */
		B14880D425B30A6D00D0106B /* XCRemoteSwiftPackageReference "JWTDecode.swift" */ = {
			isa = XCRemoteSwiftPackageReference;
			repositoryURL = "https://github.com/auth0/JWTDecode.swift.git";
			requirement = {
				kind = upToNextMajorVersion;
				minimumVersion = 2.5.0;
			};
		};
		B1A80FBF258B3F6E00F0917F /* XCRemoteSwiftPackageReference "SwiftKeychainWrapper" */ = {
			isa = XCRemoteSwiftPackageReference;
			repositoryURL = "https://github.com/jrendel/SwiftKeychainWrapper";
			requirement = {
				kind = upToNextMajorVersion;
				minimumVersion = 4.0.1;
			};
		};
/* End XCRemoteSwiftPackageReference section */

/* Begin XCSwiftPackageProductDependency section */
		B14880D525B30A6E00D0106B /* JWTDecode */ = {
			isa = XCSwiftPackageProductDependency;
			package = B14880D425B30A6D00D0106B /* XCRemoteSwiftPackageReference "JWTDecode.swift" */;
			productName = JWTDecode;
		};
		B1A80FC0258B3F6E00F0917F /* SwiftKeychainWrapper */ = {
			isa = XCSwiftPackageProductDependency;
			package = B1A80FBF258B3F6E00F0917F /* XCRemoteSwiftPackageReference "SwiftKeychainWrapper" */;
			productName = SwiftKeychainWrapper;
		};
/* End XCSwiftPackageProductDependency section */
	};
	rootObject = 504EC2FC1FED79650016851F /* Project object */;
}
